// !$*UTF8*$!
{
	archiveVersion = 1;
	classes = {
	};
	objectVersion = 52;
	objects = {

/* Begin PBXBuildFile section */
		2311772F29CB48B8007FD6AA /* GRDDeviceFilterConfigBlocklist.h in Headers */ = {isa = PBXBuildFile; fileRef = 2311772D29CB48B8007FD6AA /* GRDDeviceFilterConfigBlocklist.h */; settings = {ATTRIBUTES = (Public, ); }; };
		2311773029CB48B8007FD6AA /* GRDDeviceFilterConfigBlocklist.h in Headers */ = {isa = PBXBuildFile; fileRef = 2311772D29CB48B8007FD6AA /* GRDDeviceFilterConfigBlocklist.h */; settings = {ATTRIBUTES = (Public, ); }; };
		2311773129CB48B8007FD6AA /* GRDDeviceFilterConfigBlocklist.m in Sources */ = {isa = PBXBuildFile; fileRef = 2311772E29CB48B8007FD6AA /* GRDDeviceFilterConfigBlocklist.m */; };
		2311773229CB48B8007FD6AA /* GRDDeviceFilterConfigBlocklist.m in Sources */ = {isa = PBXBuildFile; fileRef = 2311772E29CB48B8007FD6AA /* GRDDeviceFilterConfigBlocklist.m */; };
		23187E03292F797800ED302A /* GRDWireGuardKit.xcframework in Frameworks */ = {isa = PBXBuildFile; fileRef = 23187E01292F796E00ED302A /* GRDWireGuardKit.xcframework */; };
		232ED3D9278604C6008B1FCE /* GRDTransportProtocol.h in Headers */ = {isa = PBXBuildFile; fileRef = 232ED3D7278604C6008B1FCE /* GRDTransportProtocol.h */; settings = {ATTRIBUTES = (Public, ); }; };
		232ED3DA278604C6008B1FCE /* GRDTransportProtocol.h in Headers */ = {isa = PBXBuildFile; fileRef = 232ED3D7278604C6008B1FCE /* GRDTransportProtocol.h */; settings = {ATTRIBUTES = (Public, ); }; };
		232ED3DB278604C6008B1FCE /* GRDTransportProtocol.m in Sources */ = {isa = PBXBuildFile; fileRef = 232ED3D8278604C6008B1FCE /* GRDTransportProtocol.m */; };
		232ED3DC278604C6008B1FCE /* GRDTransportProtocol.m in Sources */ = {isa = PBXBuildFile; fileRef = 232ED3D8278604C6008B1FCE /* GRDTransportProtocol.m */; };
		232ED3F1278F16FB008B1FCE /* Curve25519.swift in Sources */ = {isa = PBXBuildFile; fileRef = 232ED3F0278F16FB008B1FCE /* Curve25519.swift */; };
		232ED3F2278F16FB008B1FCE /* Curve25519.swift in Sources */ = {isa = PBXBuildFile; fileRef = 232ED3F0278F16FB008B1FCE /* Curve25519.swift */; };
		232ED3F4278F172C008B1FCE /* CryptoKit.framework in Frameworks */ = {isa = PBXBuildFile; fileRef = 232ED3F3278F172C008B1FCE /* CryptoKit.framework */; };
		232ED3F6278F1733008B1FCE /* CryptoKit.framework in Frameworks */ = {isa = PBXBuildFile; fileRef = 232ED3F5278F1733008B1FCE /* CryptoKit.framework */; platformFilter = maccatalyst; };
		235E3E622993EF3D008E915B /* GRDAPIError.h in Headers */ = {isa = PBXBuildFile; fileRef = 235E3E602993EF3D008E915B /* GRDAPIError.h */; settings = {ATTRIBUTES = (Public, ); }; };
		235E3E632993EF3D008E915B /* GRDAPIError.h in Headers */ = {isa = PBXBuildFile; fileRef = 235E3E602993EF3D008E915B /* GRDAPIError.h */; settings = {ATTRIBUTES = (Public, ); }; };
		235E3E642993EF3D008E915B /* GRDAPIError.m in Sources */ = {isa = PBXBuildFile; fileRef = 235E3E612993EF3D008E915B /* GRDAPIError.m */; };
		235E3E652993EF3D008E915B /* GRDAPIError.m in Sources */ = {isa = PBXBuildFile; fileRef = 235E3E612993EF3D008E915B /* GRDAPIError.m */; };
		235E3E682993F8A5008E915B /* GRDConnectSubscriber.h in Headers */ = {isa = PBXBuildFile; fileRef = 235E3E662993F8A5008E915B /* GRDConnectSubscriber.h */; settings = {ATTRIBUTES = (Public, ); }; };
		235E3E692993F8A5008E915B /* GRDConnectSubscriber.h in Headers */ = {isa = PBXBuildFile; fileRef = 235E3E662993F8A5008E915B /* GRDConnectSubscriber.h */; settings = {ATTRIBUTES = (Public, ); }; };
		235E3E6A2993F8A5008E915B /* GRDConnectSubscriber.m in Sources */ = {isa = PBXBuildFile; fileRef = 235E3E672993F8A5008E915B /* GRDConnectSubscriber.m */; };
		235E3E6B2993F8A5008E915B /* GRDConnectSubscriber.m in Sources */ = {isa = PBXBuildFile; fileRef = 235E3E672993F8A5008E915B /* GRDConnectSubscriber.m */; };
		235E3E6E2993F8B6008E915B /* GRDConnectDevice.h in Headers */ = {isa = PBXBuildFile; fileRef = 235E3E6C2993F8B6008E915B /* GRDConnectDevice.h */; settings = {ATTRIBUTES = (Public, ); }; };
		235E3E6F2993F8B6008E915B /* GRDConnectDevice.h in Headers */ = {isa = PBXBuildFile; fileRef = 235E3E6C2993F8B6008E915B /* GRDConnectDevice.h */; settings = {ATTRIBUTES = (Public, ); }; };
		235E3E702993F8B6008E915B /* GRDConnectDevice.m in Sources */ = {isa = PBXBuildFile; fileRef = 235E3E6D2993F8B6008E915B /* GRDConnectDevice.m */; };
		235E3E712993F8B6008E915B /* GRDConnectDevice.m in Sources */ = {isa = PBXBuildFile; fileRef = 235E3E6D2993F8B6008E915B /* GRDConnectDevice.m */; };
		236251F0299CE48C00C11DDC /* GRDDNSHelper.h in Headers */ = {isa = PBXBuildFile; fileRef = 236251EE299CE48C00C11DDC /* GRDDNSHelper.h */; settings = {ATTRIBUTES = (Public, ); }; };
		236251F1299CE48C00C11DDC /* GRDDNSHelper.h in Headers */ = {isa = PBXBuildFile; fileRef = 236251EE299CE48C00C11DDC /* GRDDNSHelper.h */; settings = {ATTRIBUTES = (Public, ); }; };
		236251F2299CE48C00C11DDC /* GRDDNSHelper.m in Sources */ = {isa = PBXBuildFile; fileRef = 236251EF299CE48C00C11DDC /* GRDDNSHelper.m */; };
		236251F3299CE48C00C11DDC /* GRDDNSHelper.m in Sources */ = {isa = PBXBuildFile; fileRef = 236251EF299CE48C00C11DDC /* GRDDNSHelper.m */; };
		2362523A29A7CE7000C11DDC /* GRDErrorHelper.h in Headers */ = {isa = PBXBuildFile; fileRef = 2362523829A7CE7000C11DDC /* GRDErrorHelper.h */; settings = {ATTRIBUTES = (Public, ); }; };
		2362523B29A7CE7000C11DDC /* GRDErrorHelper.h in Headers */ = {isa = PBXBuildFile; fileRef = 2362523829A7CE7000C11DDC /* GRDErrorHelper.h */; settings = {ATTRIBUTES = (Public, ); }; };
		2362523C29A7CE7000C11DDC /* GRDErrorHelper.m in Sources */ = {isa = PBXBuildFile; fileRef = 2362523929A7CE7000C11DDC /* GRDErrorHelper.m */; };
		2362523D29A7CE7000C11DDC /* GRDErrorHelper.m in Sources */ = {isa = PBXBuildFile; fileRef = 2362523929A7CE7000C11DDC /* GRDErrorHelper.m */; };
		2362524329C2273600C11DDC /* GRDPEToken.h in Headers */ = {isa = PBXBuildFile; fileRef = 2362524129C2273600C11DDC /* GRDPEToken.h */; settings = {ATTRIBUTES = (Public, ); }; };
		2362524429C2273600C11DDC /* GRDPEToken.h in Headers */ = {isa = PBXBuildFile; fileRef = 2362524129C2273600C11DDC /* GRDPEToken.h */; settings = {ATTRIBUTES = (Public, ); }; };
		2362524529C2273600C11DDC /* GRDPEToken.m in Sources */ = {isa = PBXBuildFile; fileRef = 2362524229C2273600C11DDC /* GRDPEToken.m */; };
		2362524629C2273600C11DDC /* GRDPEToken.m in Sources */ = {isa = PBXBuildFile; fileRef = 2362524229C2273600C11DDC /* GRDPEToken.m */; };
		23BBBC592923E70D00BAEC41 /* NetworkExtension.framework in Frameworks */ = {isa = PBXBuildFile; fileRef = 32A664BB26532583008277E0 /* NetworkExtension.framework */; };
		23BBBC5C2923E70D00BAEC41 /* PacketTunnelProvider.swift in Sources */ = {isa = PBXBuildFile; fileRef = 23BBBC5B2923E70D00BAEC41 /* PacketTunnelProvider.swift */; };
		23BBBC612923E70D00BAEC41 /* WireGuardPTP.appex in Embed Foundation Extensions */ = {isa = PBXBuildFile; fileRef = 23BBBC582923E70D00BAEC41 /* WireGuardPTP.appex */; settings = {ATTRIBUTES = (RemoveHeadersOnCopy, ); }; };
		23C2144227986ABF0061B2BC /* GRDTunnelManager.m in Sources */ = {isa = PBXBuildFile; fileRef = 23C2144027986ABF0061B2BC /* GRDTunnelManager.m */; };
		23C2144327986ABF0061B2BC /* GRDTunnelManager.m in Sources */ = {isa = PBXBuildFile; fileRef = 23C2144027986ABF0061B2BC /* GRDTunnelManager.m */; };
		23C2144427986ABF0061B2BC /* GRDTunnelManager.h in Headers */ = {isa = PBXBuildFile; fileRef = 23C2144127986ABF0061B2BC /* GRDTunnelManager.h */; settings = {ATTRIBUTES = (Public, ); }; };
		23C2144527986ABF0061B2BC /* GRDTunnelManager.h in Headers */ = {isa = PBXBuildFile; fileRef = 23C2144127986ABF0061B2BC /* GRDTunnelManager.h */; settings = {ATTRIBUTES = (Public, ); }; };
		23DCA2B327E37AE000130BE4 /* GRDWireGuardConfiguration.h in Headers */ = {isa = PBXBuildFile; fileRef = 23DCA2B127E37AE000130BE4 /* GRDWireGuardConfiguration.h */; settings = {ATTRIBUTES = (Public, ); }; };
		23DCA2B427E37AE000130BE4 /* GRDWireGuardConfiguration.h in Headers */ = {isa = PBXBuildFile; fileRef = 23DCA2B127E37AE000130BE4 /* GRDWireGuardConfiguration.h */; settings = {ATTRIBUTES = (Public, ); }; };
		23DCA2B527E37AE000130BE4 /* GRDWireGuardConfiguration.m in Sources */ = {isa = PBXBuildFile; fileRef = 23DCA2B227E37AE000130BE4 /* GRDWireGuardConfiguration.m */; };
		23DCA2B627E37AE000130BE4 /* GRDWireGuardConfiguration.m in Sources */ = {isa = PBXBuildFile; fileRef = 23DCA2B227E37AE000130BE4 /* GRDWireGuardConfiguration.m */; };
		23E5FA9227304AA7000FC70F /* GRDLogger.h in Headers */ = {isa = PBXBuildFile; fileRef = 23F9D37C272FEEE000CDDB5B /* GRDLogger.h */; settings = {ATTRIBUTES = (Public, ); }; };
		23E5FA9327304AAB000FC70F /* GRDLogger.m in Sources */ = {isa = PBXBuildFile; fileRef = 23F9D37B272FEEE000CDDB5B /* GRDLogger.m */; };
		23F9D37D272FEEE000CDDB5B /* GRDLogger.m in Sources */ = {isa = PBXBuildFile; fileRef = 23F9D37B272FEEE000CDDB5B /* GRDLogger.m */; };
		23F9D37E272FEEE000CDDB5B /* GRDLogger.h in Headers */ = {isa = PBXBuildFile; fileRef = 23F9D37C272FEEE000CDDB5B /* GRDLogger.h */; settings = {ATTRIBUTES = (Public, ); }; };
		23FCE58929DEADE400E735E9 /* GRDWireGuardKit.xcframework in Frameworks */ = {isa = PBXBuildFile; fileRef = 23187E01292F796E00ED302A /* GRDWireGuardKit.xcframework */; };
		23FCE58A29DEADE400E735E9 /* GRDWireGuardKit.xcframework in CopyFiles */ = {isa = PBXBuildFile; fileRef = 23187E01292F796E00ED302A /* GRDWireGuardKit.xcframework */; settings = {ATTRIBUTES = (CodeSignOnCopy, RemoveHeadersOnCopy, ); }; };
		23FCE59029E6F39F00E735E9 /* GRDReceiptLineItemMetadata.h in Headers */ = {isa = PBXBuildFile; fileRef = 23FCE58E29E6F39F00E735E9 /* GRDReceiptLineItemMetadata.h */; settings = {ATTRIBUTES = (Public, ); }; };
		23FCE59129E6F39F00E735E9 /* GRDReceiptLineItemMetadata.h in Headers */ = {isa = PBXBuildFile; fileRef = 23FCE58E29E6F39F00E735E9 /* GRDReceiptLineItemMetadata.h */; settings = {ATTRIBUTES = (Public, ); }; };
		23FCE59229E6F39F00E735E9 /* GRDReceiptLineItemMetadata.m in Sources */ = {isa = PBXBuildFile; fileRef = 23FCE58F29E6F39F00E735E9 /* GRDReceiptLineItemMetadata.m */; };
		23FCE59329E6F39F00E735E9 /* GRDReceiptLineItemMetadata.m in Sources */ = {isa = PBXBuildFile; fileRef = 23FCE58F29E6F39F00E735E9 /* GRDReceiptLineItemMetadata.m */; };
		23FCE59629E6F8EF00E735E9 /* GRDIAPReceiptResponse.h in Headers */ = {isa = PBXBuildFile; fileRef = 23FCE59429E6F8EF00E735E9 /* GRDIAPReceiptResponse.h */; settings = {ATTRIBUTES = (Public, ); }; };
		23FCE59729E6F8EF00E735E9 /* GRDIAPReceiptResponse.h in Headers */ = {isa = PBXBuildFile; fileRef = 23FCE59429E6F8EF00E735E9 /* GRDIAPReceiptResponse.h */; settings = {ATTRIBUTES = (Public, ); }; };
		23FCE59829E6F8EF00E735E9 /* GRDIAPReceiptResponse.m in Sources */ = {isa = PBXBuildFile; fileRef = 23FCE59529E6F8EF00E735E9 /* GRDIAPReceiptResponse.m */; };
		23FCE59929E6F8EF00E735E9 /* GRDIAPReceiptResponse.m in Sources */ = {isa = PBXBuildFile; fileRef = 23FCE59529E6F8EF00E735E9 /* GRDIAPReceiptResponse.m */; };
		321BA148261404A100E876CB /* GuardianConnect.h in Headers */ = {isa = PBXBuildFile; fileRef = 321BA146261404A100E876CB /* GuardianConnect.h */; settings = {ATTRIBUTES = (Public, ); }; };
		321BA1A0261408B800E876CB /* Shared.h in Headers */ = {isa = PBXBuildFile; fileRef = 321BA19F261408B800E876CB /* Shared.h */; settings = {ATTRIBUTES = (Public, ); }; };
		3224BC1526531A5E00E5B4AD /* AppDelegate.swift in Sources */ = {isa = PBXBuildFile; fileRef = 3224BC1426531A5E00E5B4AD /* AppDelegate.swift */; };
		3224BC1726531A5E00E5B4AD /* ViewController.swift in Sources */ = {isa = PBXBuildFile; fileRef = 3224BC1626531A5E00E5B4AD /* ViewController.swift */; };
		3224BC1A26531A5E00E5B4AD /* Main.storyboard in Resources */ = {isa = PBXBuildFile; fileRef = 3224BC1826531A5E00E5B4AD /* Main.storyboard */; };
		3224BC1C26531A5F00E5B4AD /* Assets.xcassets in Resources */ = {isa = PBXBuildFile; fileRef = 3224BC1B26531A5F00E5B4AD /* Assets.xcassets */; };
		3224BC1F26531A5F00E5B4AD /* LaunchScreen.storyboard in Resources */ = {isa = PBXBuildFile; fileRef = 3224BC1D26531A5F00E5B4AD /* LaunchScreen.storyboard */; };
		3247E9F02628F253007D4E7E /* GRDCredentialManager.h in Headers */ = {isa = PBXBuildFile; fileRef = 3247E9EC2628F252007D4E7E /* GRDCredentialManager.h */; settings = {ATTRIBUTES = (Public, ); }; };
		3247E9F12628F253007D4E7E /* GRDCredentialManager.m in Sources */ = {isa = PBXBuildFile; fileRef = 3247E9ED2628F252007D4E7E /* GRDCredentialManager.m */; };
		3247E9F22628F253007D4E7E /* GRDCredential.h in Headers */ = {isa = PBXBuildFile; fileRef = 3247E9EE2628F252007D4E7E /* GRDCredential.h */; settings = {ATTRIBUTES = (Public, ); }; };
		3247E9F32628F253007D4E7E /* GRDCredential.m in Sources */ = {isa = PBXBuildFile; fileRef = 3247E9EF2628F252007D4E7E /* GRDCredential.m */; };
		3247E9F62628F2A7007D4E7E /* NSDate+Extras.m in Sources */ = {isa = PBXBuildFile; fileRef = 3247E9F42628F2A6007D4E7E /* NSDate+Extras.m */; };
		3247E9F72628F2A7007D4E7E /* NSDate+Extras.h in Headers */ = {isa = PBXBuildFile; fileRef = 3247E9F52628F2A7007D4E7E /* NSDate+Extras.h */; settings = {ATTRIBUTES = (Public, ); }; };
		324E93A42657600D00237837 /* GuardianConnect.framework in Frameworks */ = {isa = PBXBuildFile; fileRef = 321BA143261404A100E876CB /* GuardianConnect.framework */; };
		3252D62B26938DC000FE7402 /* GRDSubscriptionManager.h in Headers */ = {isa = PBXBuildFile; fileRef = 3252D62926938DC000FE7402 /* GRDSubscriptionManager.h */; settings = {ATTRIBUTES = (Public, ); }; };
		3252D62C26938DC000FE7402 /* GRDSubscriptionManager.h in Headers */ = {isa = PBXBuildFile; fileRef = 3252D62926938DC000FE7402 /* GRDSubscriptionManager.h */; settings = {ATTRIBUTES = (Public, ); }; };
		3252D62D26938DC000FE7402 /* GRDSubscriptionManager.m in Sources */ = {isa = PBXBuildFile; fileRef = 3252D62A26938DC000FE7402 /* GRDSubscriptionManager.m */; };
		3252D62E26938DC000FE7402 /* GRDSubscriptionManager.m in Sources */ = {isa = PBXBuildFile; fileRef = 3252D62A26938DC000FE7402 /* GRDSubscriptionManager.m */; };
		3252D64F2693924F00FE7402 /* GRDIAPDiscountDetails.m in Sources */ = {isa = PBXBuildFile; fileRef = 3252D64D2693924F00FE7402 /* GRDIAPDiscountDetails.m */; };
		3252D6502693924F00FE7402 /* GRDIAPDiscountDetails.m in Sources */ = {isa = PBXBuildFile; fileRef = 3252D64D2693924F00FE7402 /* GRDIAPDiscountDetails.m */; };
		3252D6512693924F00FE7402 /* GRDIAPDiscountDetails.h in Headers */ = {isa = PBXBuildFile; fileRef = 3252D64E2693924F00FE7402 /* GRDIAPDiscountDetails.h */; settings = {ATTRIBUTES = (Public, ); }; };
		3252D6522693924F00FE7402 /* GRDIAPDiscountDetails.h in Headers */ = {isa = PBXBuildFile; fileRef = 3252D64E2693924F00FE7402 /* GRDIAPDiscountDetails.h */; settings = {ATTRIBUTES = (Public, ); }; };
		328035AE2666C3FD00A173CE /* GRDReceiptLineItem.h in Headers */ = {isa = PBXBuildFile; fileRef = 32D80A42265B195200F5C33B /* GRDReceiptLineItem.h */; settings = {ATTRIBUTES = (Public, ); }; };
		328035B22666C53700A173CE /* NSString+Extras.h in Headers */ = {isa = PBXBuildFile; fileRef = 32D80A47265B1ABE00F5C33B /* NSString+Extras.h */; settings = {ATTRIBUTES = (Public, ); }; };
		32855B19263640B90088086E /* GRDRegion.m in Sources */ = {isa = PBXBuildFile; fileRef = 32855B17263640B90088086E /* GRDRegion.m */; };
		32855B1A263640B90088086E /* GRDRegion.m in Sources */ = {isa = PBXBuildFile; fileRef = 32855B17263640B90088086E /* GRDRegion.m */; };
		32855B1B263640B90088086E /* GRDRegion.h in Headers */ = {isa = PBXBuildFile; fileRef = 32855B18263640B90088086E /* GRDRegion.h */; settings = {ATTRIBUTES = (Public, ); }; };
		32855B1C263640B90088086E /* GRDRegion.h in Headers */ = {isa = PBXBuildFile; fileRef = 32855B18263640B90088086E /* GRDRegion.h */; settings = {ATTRIBUTES = (Public, ); }; };
		32939A6C26167D0E007A4DFA /* NSPredicate+Additions.m in Sources */ = {isa = PBXBuildFile; fileRef = 32939A6326167D0E007A4DFA /* NSPredicate+Additions.m */; };
		32939A6D26167D0E007A4DFA /* NSPredicate+Additions.h in Headers */ = {isa = PBXBuildFile; fileRef = 32939A6426167D0E007A4DFA /* NSPredicate+Additions.h */; settings = {ATTRIBUTES = (Public, ); }; };
		32939A6E26167D0E007A4DFA /* EXTRuntimeExtensions.h in Headers */ = {isa = PBXBuildFile; fileRef = 32939A6626167D0E007A4DFA /* EXTRuntimeExtensions.h */; settings = {ATTRIBUTES = (Public, ); }; };
		32939A6F26167D0E007A4DFA /* metamacros.h in Headers */ = {isa = PBXBuildFile; fileRef = 32939A6726167D0E007A4DFA /* metamacros.h */; settings = {ATTRIBUTES = (Public, ); }; };
		32939A7026167D0E007A4DFA /* EXTScope.m in Sources */ = {isa = PBXBuildFile; fileRef = 32939A6826167D0E007A4DFA /* EXTScope.m */; };
		32939A7126167D0E007A4DFA /* EXTRuntimeExtensions.m in Sources */ = {isa = PBXBuildFile; fileRef = 32939A6926167D0E007A4DFA /* EXTRuntimeExtensions.m */; };
		32939A7226167D0E007A4DFA /* EXTScope.h in Headers */ = {isa = PBXBuildFile; fileRef = 32939A6A26167D0E007A4DFA /* EXTScope.h */; settings = {ATTRIBUTES = (Public, ); }; };
		32939A7326167D0E007A4DFA /* EXTKeyPathCoding.h in Headers */ = {isa = PBXBuildFile; fileRef = 32939A6B26167D0E007A4DFA /* EXTKeyPathCoding.h */; settings = {ATTRIBUTES = (Public, ); }; };
		32939A8526167D20007A4DFA /* GRDHousekeepingAPI.m in Sources */ = {isa = PBXBuildFile; fileRef = 32939A7426167D1E007A4DFA /* GRDHousekeepingAPI.m */; };
		32939A8626167D20007A4DFA /* GRDKeychain.h in Headers */ = {isa = PBXBuildFile; fileRef = 32939A7526167D1F007A4DFA /* GRDKeychain.h */; settings = {ATTRIBUTES = (Public, ); }; };
		32939A8726167D20007A4DFA /* GRDGatewayAPIResponse.m in Sources */ = {isa = PBXBuildFile; fileRef = 32939A7626167D1F007A4DFA /* GRDGatewayAPIResponse.m */; };
		32939A8826167D20007A4DFA /* GRDServerManager.m in Sources */ = {isa = PBXBuildFile; fileRef = 32939A7726167D1F007A4DFA /* GRDServerManager.m */; };
		32939A8926167D20007A4DFA /* GRDSubscriberCredential.m in Sources */ = {isa = PBXBuildFile; fileRef = 32939A7826167D1F007A4DFA /* GRDSubscriberCredential.m */; };
		32939A8A26167D20007A4DFA /* GRDSubscriberCredential.h in Headers */ = {isa = PBXBuildFile; fileRef = 32939A7926167D1F007A4DFA /* GRDSubscriberCredential.h */; settings = {ATTRIBUTES = (Public, ); }; };
		32939A8B26167D20007A4DFA /* GRDVPNHelper.m in Sources */ = {isa = PBXBuildFile; fileRef = 32939A7A26167D1F007A4DFA /* GRDVPNHelper.m */; };
		32939A8C26167D20007A4DFA /* GRDKeychain.m in Sources */ = {isa = PBXBuildFile; fileRef = 32939A7B26167D1F007A4DFA /* GRDKeychain.m */; };
		32939A8D26167D20007A4DFA /* GRDGatewayAPI.m in Sources */ = {isa = PBXBuildFile; fileRef = 32939A7C26167D1F007A4DFA /* GRDGatewayAPI.m */; };
		32939A8F26167D20007A4DFA /* GRDGatewayAPI.h in Headers */ = {isa = PBXBuildFile; fileRef = 32939A7E26167D1F007A4DFA /* GRDGatewayAPI.h */; settings = {ATTRIBUTES = (Public, ); }; };
		32939A9026167D20007A4DFA /* GRDVPNHelper.h in Headers */ = {isa = PBXBuildFile; fileRef = 32939A7F26167D1F007A4DFA /* GRDVPNHelper.h */; settings = {ATTRIBUTES = (Public, ); }; };
		32939A9226167D20007A4DFA /* GRDServerManager.h in Headers */ = {isa = PBXBuildFile; fileRef = 32939A8126167D1F007A4DFA /* GRDServerManager.h */; settings = {ATTRIBUTES = (Public, ); }; };
		32939A9326167D20007A4DFA /* GRDHousekeepingAPI.h in Headers */ = {isa = PBXBuildFile; fileRef = 32939A8226167D1F007A4DFA /* GRDHousekeepingAPI.h */; settings = {ATTRIBUTES = (Public, ); }; };
		32939A9526167D20007A4DFA /* GRDGatewayAPIResponse.h in Headers */ = {isa = PBXBuildFile; fileRef = 32939A8426167D20007A4DFA /* GRDGatewayAPIResponse.h */; settings = {ATTRIBUTES = (Public, ); }; };
		32A664B326531C34008277E0 /* GuardianConnect.framework in CopyFiles */ = {isa = PBXBuildFile; fileRef = 321BA143261404A100E876CB /* GuardianConnect.framework */; settings = {ATTRIBUTES = (CodeSignOnCopy, RemoveHeadersOnCopy, ); }; };
		32A664BC26532583008277E0 /* NetworkExtension.framework in Frameworks */ = {isa = PBXBuildFile; fileRef = 32A664BB26532583008277E0 /* NetworkExtension.framework */; };
		32D80A44265B195200F5C33B /* GRDReceiptLineItem.h in Headers */ = {isa = PBXBuildFile; fileRef = 32D80A42265B195200F5C33B /* GRDReceiptLineItem.h */; settings = {ATTRIBUTES = (Public, ); }; };
		32D80A45265B195200F5C33B /* GRDReceiptLineItem.m in Sources */ = {isa = PBXBuildFile; fileRef = 32D80A43265B195200F5C33B /* GRDReceiptLineItem.m */; };
		32D80A46265B195A00F5C33B /* GRDReceiptLineItem.m in Sources */ = {isa = PBXBuildFile; fileRef = 32D80A43265B195200F5C33B /* GRDReceiptLineItem.m */; };
		32D80A49265B1ABE00F5C33B /* NSString+Extras.h in Headers */ = {isa = PBXBuildFile; fileRef = 32D80A47265B1ABE00F5C33B /* NSString+Extras.h */; settings = {ATTRIBUTES = (Public, ); }; };
		32D80A4A265B1ABE00F5C33B /* NSString+Extras.m in Sources */ = {isa = PBXBuildFile; fileRef = 32D80A48265B1ABE00F5C33B /* NSString+Extras.m */; };
		32E1AE162698E2DF0057D80A /* NSObject+Dictionary.h in Headers */ = {isa = PBXBuildFile; fileRef = 32E1AE142698E2DF0057D80A /* NSObject+Dictionary.h */; settings = {ATTRIBUTES = (Public, ); }; };
		32E1AE172698E2DF0057D80A /* NSObject+Dictionary.h in Headers */ = {isa = PBXBuildFile; fileRef = 32E1AE142698E2DF0057D80A /* NSObject+Dictionary.h */; settings = {ATTRIBUTES = (Public, ); }; };
		32E1AE182698E2DF0057D80A /* NSObject+Dictionary.m in Sources */ = {isa = PBXBuildFile; fileRef = 32E1AE152698E2DF0057D80A /* NSObject+Dictionary.m */; };
		32E1AE192698E2DF0057D80A /* NSObject+Dictionary.m in Sources */ = {isa = PBXBuildFile; fileRef = 32E1AE152698E2DF0057D80A /* NSObject+Dictionary.m */; };
		32E92C06262A1B3D00A3202C /* GuardianConnect.h in Headers */ = {isa = PBXBuildFile; fileRef = 32E92C04262A1B3D00A3202C /* GuardianConnect.h */; settings = {ATTRIBUTES = (Public, ); }; };
		32E92C0A262A1B4900A3202C /* NSDate+Extras.m in Sources */ = {isa = PBXBuildFile; fileRef = 3247E9F42628F2A6007D4E7E /* NSDate+Extras.m */; };
		32E92C0B262A1B4C00A3202C /* NSPredicate+Additions.m in Sources */ = {isa = PBXBuildFile; fileRef = 32939A6326167D0E007A4DFA /* NSPredicate+Additions.m */; };
		32E92C0C262A1B5400A3202C /* EXTScope.m in Sources */ = {isa = PBXBuildFile; fileRef = 32939A6826167D0E007A4DFA /* EXTScope.m */; };
		32E92C0D262A1B5400A3202C /* EXTRuntimeExtensions.m in Sources */ = {isa = PBXBuildFile; fileRef = 32939A6926167D0E007A4DFA /* EXTRuntimeExtensions.m */; };
		32E92C0E262A1B6100A3202C /* GRDCredential.m in Sources */ = {isa = PBXBuildFile; fileRef = 3247E9EF2628F252007D4E7E /* GRDCredential.m */; };
		32E92C0F262A1B6100A3202C /* GRDCredentialManager.m in Sources */ = {isa = PBXBuildFile; fileRef = 3247E9ED2628F252007D4E7E /* GRDCredentialManager.m */; };
		32E92C11262A1B6100A3202C /* GRDGatewayAPI.m in Sources */ = {isa = PBXBuildFile; fileRef = 32939A7C26167D1F007A4DFA /* GRDGatewayAPI.m */; };
		32E92C12262A1B6100A3202C /* GRDGatewayAPIResponse.m in Sources */ = {isa = PBXBuildFile; fileRef = 32939A7626167D1F007A4DFA /* GRDGatewayAPIResponse.m */; };
		32E92C13262A1B6100A3202C /* GRDHousekeepingAPI.m in Sources */ = {isa = PBXBuildFile; fileRef = 32939A7426167D1E007A4DFA /* GRDHousekeepingAPI.m */; };
		32E92C14262A1B6100A3202C /* GRDKeychain.m in Sources */ = {isa = PBXBuildFile; fileRef = 32939A7B26167D1F007A4DFA /* GRDKeychain.m */; };
		32E92C15262A1B6100A3202C /* GRDServerManager.m in Sources */ = {isa = PBXBuildFile; fileRef = 32939A7726167D1F007A4DFA /* GRDServerManager.m */; };
		32E92C16262A1B6100A3202C /* GRDSubscriberCredential.m in Sources */ = {isa = PBXBuildFile; fileRef = 32939A7826167D1F007A4DFA /* GRDSubscriberCredential.m */; };
		32E92C17262A1B6100A3202C /* GRDVPNHelper.m in Sources */ = {isa = PBXBuildFile; fileRef = 32939A7A26167D1F007A4DFA /* GRDVPNHelper.m */; };
		32E92C18262A1B9A00A3202C /* Shared.h in Headers */ = {isa = PBXBuildFile; fileRef = 321BA19F261408B800E876CB /* Shared.h */; settings = {ATTRIBUTES = (Public, ); }; };
		32E92C19262A1BA700A3202C /* GRDCredential.h in Headers */ = {isa = PBXBuildFile; fileRef = 3247E9EE2628F252007D4E7E /* GRDCredential.h */; settings = {ATTRIBUTES = (Public, ); }; };
		32E92C1A262A1BA700A3202C /* GRDCredentialManager.h in Headers */ = {isa = PBXBuildFile; fileRef = 3247E9EC2628F252007D4E7E /* GRDCredentialManager.h */; settings = {ATTRIBUTES = (Public, ); }; };
		32E92C1C262A1BA700A3202C /* GRDGatewayAPI.h in Headers */ = {isa = PBXBuildFile; fileRef = 32939A7E26167D1F007A4DFA /* GRDGatewayAPI.h */; settings = {ATTRIBUTES = (Public, ); }; };
		32E92C1D262A1BA700A3202C /* GRDGatewayAPIResponse.h in Headers */ = {isa = PBXBuildFile; fileRef = 32939A8426167D20007A4DFA /* GRDGatewayAPIResponse.h */; settings = {ATTRIBUTES = (Public, ); }; };
		32E92C1E262A1BA700A3202C /* GRDHousekeepingAPI.h in Headers */ = {isa = PBXBuildFile; fileRef = 32939A8226167D1F007A4DFA /* GRDHousekeepingAPI.h */; settings = {ATTRIBUTES = (Public, ); }; };
		32E92C1F262A1BA700A3202C /* GRDKeychain.h in Headers */ = {isa = PBXBuildFile; fileRef = 32939A7526167D1F007A4DFA /* GRDKeychain.h */; settings = {ATTRIBUTES = (Public, ); }; };
		32E92C21262A1BA700A3202C /* GRDServerManager.h in Headers */ = {isa = PBXBuildFile; fileRef = 32939A8126167D1F007A4DFA /* GRDServerManager.h */; settings = {ATTRIBUTES = (Public, ); }; };
		32E92C22262A1BA700A3202C /* GRDSubscriberCredential.h in Headers */ = {isa = PBXBuildFile; fileRef = 32939A7926167D1F007A4DFA /* GRDSubscriberCredential.h */; settings = {ATTRIBUTES = (Public, ); }; };
		32E92C23262A1BA700A3202C /* GRDVPNHelper.h in Headers */ = {isa = PBXBuildFile; fileRef = 32939A7F26167D1F007A4DFA /* GRDVPNHelper.h */; settings = {ATTRIBUTES = (Public, ); }; };
		32E92C24262A1BAE00A3202C /* NSDate+Extras.h in Headers */ = {isa = PBXBuildFile; fileRef = 3247E9F52628F2A7007D4E7E /* NSDate+Extras.h */; settings = {ATTRIBUTES = (Public, ); }; };
		32E92C25262A1BB600A3202C /* NSPredicate+Additions.h in Headers */ = {isa = PBXBuildFile; fileRef = 32939A6426167D0E007A4DFA /* NSPredicate+Additions.h */; settings = {ATTRIBUTES = (Public, ); }; };
		32E92C26262A1BBD00A3202C /* EXTRuntimeExtensions.h in Headers */ = {isa = PBXBuildFile; fileRef = 32939A6626167D0E007A4DFA /* EXTRuntimeExtensions.h */; settings = {ATTRIBUTES = (Public, ); }; };
		32E92C27262A1BC100A3202C /* metamacros.h in Headers */ = {isa = PBXBuildFile; fileRef = 32939A6726167D0E007A4DFA /* metamacros.h */; settings = {ATTRIBUTES = (Public, ); }; };
		32E92C28262A1BC500A3202C /* EXTScope.h in Headers */ = {isa = PBXBuildFile; fileRef = 32939A6A26167D0E007A4DFA /* EXTScope.h */; settings = {ATTRIBUTES = (Public, ); }; };
		32E92C29262A1BCA00A3202C /* EXTKeyPathCoding.h in Headers */ = {isa = PBXBuildFile; fileRef = 32939A6B26167D0E007A4DFA /* EXTKeyPathCoding.h */; settings = {ATTRIBUTES = (Public, ); }; };
/* End PBXBuildFile section */

/* Begin PBXContainerItemProxy section */
		23BBBC5F2923E70D00BAEC41 /* PBXContainerItemProxy */ = {
			isa = PBXContainerItemProxy;
			containerPortal = 321BA13A261404A100E876CB /* Project object */;
			proxyType = 1;
			remoteGlobalIDString = 23BBBC572923E70D00BAEC41;
			remoteInfo = WireGuardPTP;
		};
		32A664B026531C15008277E0 /* PBXContainerItemProxy */ = {
			isa = PBXContainerItemProxy;
			containerPortal = 321BA13A261404A100E876CB /* Project object */;
			proxyType = 1;
			remoteGlobalIDString = 321BA142261404A100E876CB;
			remoteInfo = GuardianConnect;
		};
/* End PBXContainerItemProxy section */

/* Begin PBXCopyFilesBuildPhase section */
		23BBBC652923E70D00BAEC41 /* Embed Foundation Extensions */ = {
			isa = PBXCopyFilesBuildPhase;
			buildActionMask = 2147483647;
			dstPath = "";
			dstSubfolderSpec = 13;
			files = (
				23BBBC612923E70D00BAEC41 /* WireGuardPTP.appex in Embed Foundation Extensions */,
			);
			name = "Embed Foundation Extensions";
			runOnlyForDeploymentPostprocessing = 0;
		};
		32A664B226531C20008277E0 /* CopyFiles */ = {
			isa = PBXCopyFilesBuildPhase;
			buildActionMask = 2147483647;
			dstPath = "";
			dstSubfolderSpec = 10;
			files = (
				32A664B326531C34008277E0 /* GuardianConnect.framework in CopyFiles */,
				23FCE58A29DEADE400E735E9 /* GRDWireGuardKit.xcframework in CopyFiles */,
			);
			runOnlyForDeploymentPostprocessing = 0;
		};
/* End PBXCopyFilesBuildPhase section */

/* Begin PBXFileReference section */
		2311772D29CB48B8007FD6AA /* GRDDeviceFilterConfigBlocklist.h */ = {isa = PBXFileReference; fileEncoding = 4; lastKnownFileType = sourcecode.c.h; path = GRDDeviceFilterConfigBlocklist.h; sourceTree = "<group>"; };
		2311772E29CB48B8007FD6AA /* GRDDeviceFilterConfigBlocklist.m */ = {isa = PBXFileReference; fileEncoding = 4; lastKnownFileType = sourcecode.c.objc; path = GRDDeviceFilterConfigBlocklist.m; sourceTree = "<group>"; };
		23187E01292F796E00ED302A /* GRDWireGuardKit.xcframework */ = {isa = PBXFileReference; lastKnownFileType = wrapper.xcframework; path = GRDWireGuardKit.xcframework; sourceTree = "<group>"; };
		231A2023292CE6AC00D8E9C2 /* GRDWireGuardKit.xcframework */ = {isa = PBXFileReference; lastKnownFileType = wrapper.xcframework; name = GRDWireGuardKit.xcframework; path = ../GRDWireGuardKit/GRDWireGuardKit.xcframework; sourceTree = "<group>"; };
		232ED3D7278604C6008B1FCE /* GRDTransportProtocol.h */ = {isa = PBXFileReference; lastKnownFileType = sourcecode.c.h; path = GRDTransportProtocol.h; sourceTree = "<group>"; };
		232ED3D8278604C6008B1FCE /* GRDTransportProtocol.m */ = {isa = PBXFileReference; lastKnownFileType = sourcecode.c.objc; path = GRDTransportProtocol.m; sourceTree = "<group>"; };
		232ED3F0278F16FB008B1FCE /* Curve25519.swift */ = {isa = PBXFileReference; lastKnownFileType = sourcecode.swift; path = Curve25519.swift; sourceTree = "<group>"; };
		232ED3F3278F172C008B1FCE /* CryptoKit.framework */ = {isa = PBXFileReference; lastKnownFileType = wrapper.framework; name = CryptoKit.framework; path = System/Library/Frameworks/CryptoKit.framework; sourceTree = SDKROOT; };
		232ED3F5278F1733008B1FCE /* CryptoKit.framework */ = {isa = PBXFileReference; lastKnownFileType = wrapper.framework; name = CryptoKit.framework; path = Platforms/MacOSX.platform/Developer/SDKs/MacOSX12.1.sdk/System/Library/Frameworks/CryptoKit.framework; sourceTree = DEVELOPER_DIR; };
		235E3E602993EF3D008E915B /* GRDAPIError.h */ = {isa = PBXFileReference; lastKnownFileType = sourcecode.c.h; path = GRDAPIError.h; sourceTree = "<group>"; };
		235E3E612993EF3D008E915B /* GRDAPIError.m */ = {isa = PBXFileReference; lastKnownFileType = sourcecode.c.objc; path = GRDAPIError.m; sourceTree = "<group>"; };
		235E3E662993F8A5008E915B /* GRDConnectSubscriber.h */ = {isa = PBXFileReference; lastKnownFileType = sourcecode.c.h; path = GRDConnectSubscriber.h; sourceTree = "<group>"; };
		235E3E672993F8A5008E915B /* GRDConnectSubscriber.m */ = {isa = PBXFileReference; lastKnownFileType = sourcecode.c.objc; path = GRDConnectSubscriber.m; sourceTree = "<group>"; };
		235E3E6C2993F8B6008E915B /* GRDConnectDevice.h */ = {isa = PBXFileReference; lastKnownFileType = sourcecode.c.h; path = GRDConnectDevice.h; sourceTree = "<group>"; };
		235E3E6D2993F8B6008E915B /* GRDConnectDevice.m */ = {isa = PBXFileReference; lastKnownFileType = sourcecode.c.objc; path = GRDConnectDevice.m; sourceTree = "<group>"; };
		236251EE299CE48C00C11DDC /* GRDDNSHelper.h */ = {isa = PBXFileReference; lastKnownFileType = sourcecode.c.h; path = GRDDNSHelper.h; sourceTree = "<group>"; };
		236251EF299CE48C00C11DDC /* GRDDNSHelper.m */ = {isa = PBXFileReference; lastKnownFileType = sourcecode.c.objc; path = GRDDNSHelper.m; sourceTree = "<group>"; };
		2362523829A7CE7000C11DDC /* GRDErrorHelper.h */ = {isa = PBXFileReference; lastKnownFileType = sourcecode.c.h; path = GRDErrorHelper.h; sourceTree = "<group>"; };
		2362523929A7CE7000C11DDC /* GRDErrorHelper.m */ = {isa = PBXFileReference; lastKnownFileType = sourcecode.c.objc; path = GRDErrorHelper.m; sourceTree = "<group>"; };
		2362524129C2273600C11DDC /* GRDPEToken.h */ = {isa = PBXFileReference; lastKnownFileType = sourcecode.c.h; path = GRDPEToken.h; sourceTree = "<group>"; };
		2362524229C2273600C11DDC /* GRDPEToken.m */ = {isa = PBXFileReference; lastKnownFileType = sourcecode.c.objc; path = GRDPEToken.m; sourceTree = "<group>"; };
		23A3D13D285B76B400AC2B0C /* Package.swift */ = {isa = PBXFileReference; lastKnownFileType = sourcecode.swift; path = Package.swift; sourceTree = "<group>"; };
		23BBBC582923E70D00BAEC41 /* WireGuardPTP.appex */ = {isa = PBXFileReference; explicitFileType = "wrapper.app-extension"; includeInIndex = 0; path = WireGuardPTP.appex; sourceTree = BUILT_PRODUCTS_DIR; };
		23BBBC5B2923E70D00BAEC41 /* PacketTunnelProvider.swift */ = {isa = PBXFileReference; lastKnownFileType = sourcecode.swift; path = PacketTunnelProvider.swift; sourceTree = "<group>"; };
		23BBBC5D2923E70D00BAEC41 /* Info.plist */ = {isa = PBXFileReference; lastKnownFileType = text.plist.xml; path = Info.plist; sourceTree = "<group>"; };
		23BBBC5E2923E70D00BAEC41 /* WireGuardPTP.entitlements */ = {isa = PBXFileReference; lastKnownFileType = text.plist.entitlements; path = WireGuardPTP.entitlements; sourceTree = "<group>"; };
		23BBBC672923EA1400BAEC41 /* libGRDWireGuardKitiOS.a */ = {isa = PBXFileReference; lastKnownFileType = archive.ar; name = libGRDWireGuardKitiOS.a; path = "../GRDWireGuardKit/build/Release-iphoneos/libGRDWireGuardKitiOS.a"; sourceTree = "<group>"; };
		23C2144027986ABF0061B2BC /* GRDTunnelManager.m */ = {isa = PBXFileReference; fileEncoding = 4; lastKnownFileType = sourcecode.c.objc; name = GRDTunnelManager.m; path = GuardianConnect/Classes/GRDTunnelManager.m; sourceTree = SOURCE_ROOT; };
		23C2144127986ABF0061B2BC /* GRDTunnelManager.h */ = {isa = PBXFileReference; fileEncoding = 4; lastKnownFileType = sourcecode.c.h; name = GRDTunnelManager.h; path = GuardianConnect/Classes/GRDTunnelManager.h; sourceTree = SOURCE_ROOT; };
		23DCA2B127E37AE000130BE4 /* GRDWireGuardConfiguration.h */ = {isa = PBXFileReference; lastKnownFileType = sourcecode.c.h; path = GRDWireGuardConfiguration.h; sourceTree = "<group>"; };
		23DCA2B227E37AE000130BE4 /* GRDWireGuardConfiguration.m */ = {isa = PBXFileReference; lastKnownFileType = sourcecode.c.objc; path = GRDWireGuardConfiguration.m; sourceTree = "<group>"; };
		23E5FA9427304ABA000FC70F /* PrefixHeader.pch */ = {isa = PBXFileReference; fileEncoding = 4; lastKnownFileType = sourcecode.c.h; path = PrefixHeader.pch; sourceTree = "<group>"; };
		23F9D37B272FEEE000CDDB5B /* GRDLogger.m */ = {isa = PBXFileReference; fileEncoding = 4; lastKnownFileType = sourcecode.c.objc; path = GRDLogger.m; sourceTree = "<group>"; };
		23F9D37C272FEEE000CDDB5B /* GRDLogger.h */ = {isa = PBXFileReference; fileEncoding = 4; lastKnownFileType = sourcecode.c.h; path = GRDLogger.h; sourceTree = "<group>"; };
		23FCE58E29E6F39F00E735E9 /* GRDReceiptLineItemMetadata.h */ = {isa = PBXFileReference; lastKnownFileType = sourcecode.c.h; path = GRDReceiptLineItemMetadata.h; sourceTree = "<group>"; };
		23FCE58F29E6F39F00E735E9 /* GRDReceiptLineItemMetadata.m */ = {isa = PBXFileReference; lastKnownFileType = sourcecode.c.objc; path = GRDReceiptLineItemMetadata.m; sourceTree = "<group>"; };
		23FCE59429E6F8EF00E735E9 /* GRDIAPReceiptResponse.h */ = {isa = PBXFileReference; lastKnownFileType = sourcecode.c.h; path = GRDIAPReceiptResponse.h; sourceTree = "<group>"; };
		23FCE59529E6F8EF00E735E9 /* GRDIAPReceiptResponse.m */ = {isa = PBXFileReference; lastKnownFileType = sourcecode.c.objc; path = GRDIAPReceiptResponse.m; sourceTree = "<group>"; };
		321BA143261404A100E876CB /* GuardianConnect.framework */ = {isa = PBXFileReference; explicitFileType = wrapper.framework; includeInIndex = 0; path = GuardianConnect.framework; sourceTree = BUILT_PRODUCTS_DIR; };
		321BA146261404A100E876CB /* GuardianConnect.h */ = {isa = PBXFileReference; lastKnownFileType = sourcecode.c.h; path = GuardianConnect.h; sourceTree = "<group>"; };
		321BA147261404A100E876CB /* Info.plist */ = {isa = PBXFileReference; lastKnownFileType = text.plist.xml; path = Info.plist; sourceTree = "<group>"; };
		321BA1972614070F00E876CB /* PrefixHeader.pch */ = {isa = PBXFileReference; lastKnownFileType = sourcecode.c.h; path = PrefixHeader.pch; sourceTree = "<group>"; };
		321BA19F261408B800E876CB /* Shared.h */ = {isa = PBXFileReference; fileEncoding = 4; lastKnownFileType = sourcecode.c.h; path = Shared.h; sourceTree = "<group>"; };
		3224BC1226531A5E00E5B4AD /* iOSSampleApp.app */ = {isa = PBXFileReference; explicitFileType = wrapper.application; includeInIndex = 0; path = iOSSampleApp.app; sourceTree = BUILT_PRODUCTS_DIR; };
		3224BC1426531A5E00E5B4AD /* AppDelegate.swift */ = {isa = PBXFileReference; lastKnownFileType = sourcecode.swift; path = AppDelegate.swift; sourceTree = "<group>"; };
		3224BC1626531A5E00E5B4AD /* ViewController.swift */ = {isa = PBXFileReference; lastKnownFileType = sourcecode.swift; path = ViewController.swift; sourceTree = "<group>"; };
		3224BC1926531A5E00E5B4AD /* Base */ = {isa = PBXFileReference; lastKnownFileType = file.storyboard; name = Base; path = Base.lproj/Main.storyboard; sourceTree = "<group>"; };
		3224BC1B26531A5F00E5B4AD /* Assets.xcassets */ = {isa = PBXFileReference; lastKnownFileType = folder.assetcatalog; path = Assets.xcassets; sourceTree = "<group>"; };
		3224BC1E26531A5F00E5B4AD /* Base */ = {isa = PBXFileReference; lastKnownFileType = file.storyboard; name = Base; path = Base.lproj/LaunchScreen.storyboard; sourceTree = "<group>"; };
		3224BC2026531A5F00E5B4AD /* Info.plist */ = {isa = PBXFileReference; lastKnownFileType = text.plist.xml; path = Info.plist; sourceTree = "<group>"; };
		3247E9EC2628F252007D4E7E /* GRDCredentialManager.h */ = {isa = PBXFileReference; fileEncoding = 4; lastKnownFileType = sourcecode.c.h; path = GRDCredentialManager.h; sourceTree = "<group>"; };
		3247E9ED2628F252007D4E7E /* GRDCredentialManager.m */ = {isa = PBXFileReference; fileEncoding = 4; lastKnownFileType = sourcecode.c.objc; path = GRDCredentialManager.m; sourceTree = "<group>"; };
		3247E9EE2628F252007D4E7E /* GRDCredential.h */ = {isa = PBXFileReference; fileEncoding = 4; lastKnownFileType = sourcecode.c.h; path = GRDCredential.h; sourceTree = "<group>"; };
		3247E9EF2628F252007D4E7E /* GRDCredential.m */ = {isa = PBXFileReference; fileEncoding = 4; lastKnownFileType = sourcecode.c.objc; path = GRDCredential.m; sourceTree = "<group>"; };
		3247E9F42628F2A6007D4E7E /* NSDate+Extras.m */ = {isa = PBXFileReference; fileEncoding = 4; lastKnownFileType = sourcecode.c.objc; path = "NSDate+Extras.m"; sourceTree = "<group>"; };
		3247E9F52628F2A7007D4E7E /* NSDate+Extras.h */ = {isa = PBXFileReference; fileEncoding = 4; lastKnownFileType = sourcecode.c.h; path = "NSDate+Extras.h"; sourceTree = "<group>"; };
		3252D62926938DC000FE7402 /* GRDSubscriptionManager.h */ = {isa = PBXFileReference; fileEncoding = 4; lastKnownFileType = sourcecode.c.h; path = GRDSubscriptionManager.h; sourceTree = "<group>"; };
		3252D62A26938DC000FE7402 /* GRDSubscriptionManager.m */ = {isa = PBXFileReference; fileEncoding = 4; lastKnownFileType = sourcecode.c.objc; path = GRDSubscriptionManager.m; sourceTree = "<group>"; };
		3252D64D2693924F00FE7402 /* GRDIAPDiscountDetails.m */ = {isa = PBXFileReference; fileEncoding = 4; lastKnownFileType = sourcecode.c.objc; path = GRDIAPDiscountDetails.m; sourceTree = "<group>"; };
		3252D64E2693924F00FE7402 /* GRDIAPDiscountDetails.h */ = {isa = PBXFileReference; fileEncoding = 4; lastKnownFileType = sourcecode.c.h; path = GRDIAPDiscountDetails.h; sourceTree = "<group>"; };
		32855B17263640B90088086E /* GRDRegion.m */ = {isa = PBXFileReference; fileEncoding = 4; lastKnownFileType = sourcecode.c.objc; path = GRDRegion.m; sourceTree = "<group>"; };
		32855B18263640B90088086E /* GRDRegion.h */ = {isa = PBXFileReference; fileEncoding = 4; lastKnownFileType = sourcecode.c.h; path = GRDRegion.h; sourceTree = "<group>"; };
		32939A6326167D0E007A4DFA /* NSPredicate+Additions.m */ = {isa = PBXFileReference; fileEncoding = 4; lastKnownFileType = sourcecode.c.objc; path = "NSPredicate+Additions.m"; sourceTree = "<group>"; };
		32939A6426167D0E007A4DFA /* NSPredicate+Additions.h */ = {isa = PBXFileReference; fileEncoding = 4; lastKnownFileType = sourcecode.c.h; path = "NSPredicate+Additions.h"; sourceTree = "<group>"; };
		32939A6626167D0E007A4DFA /* EXTRuntimeExtensions.h */ = {isa = PBXFileReference; fileEncoding = 4; lastKnownFileType = sourcecode.c.h; path = EXTRuntimeExtensions.h; sourceTree = "<group>"; };
		32939A6726167D0E007A4DFA /* metamacros.h */ = {isa = PBXFileReference; fileEncoding = 4; lastKnownFileType = sourcecode.c.h; path = metamacros.h; sourceTree = "<group>"; };
		32939A6826167D0E007A4DFA /* EXTScope.m */ = {isa = PBXFileReference; fileEncoding = 4; lastKnownFileType = sourcecode.c.objc; path = EXTScope.m; sourceTree = "<group>"; };
		32939A6926167D0E007A4DFA /* EXTRuntimeExtensions.m */ = {isa = PBXFileReference; fileEncoding = 4; lastKnownFileType = sourcecode.c.objc; path = EXTRuntimeExtensions.m; sourceTree = "<group>"; };
		32939A6A26167D0E007A4DFA /* EXTScope.h */ = {isa = PBXFileReference; fileEncoding = 4; lastKnownFileType = sourcecode.c.h; path = EXTScope.h; sourceTree = "<group>"; };
		32939A6B26167D0E007A4DFA /* EXTKeyPathCoding.h */ = {isa = PBXFileReference; fileEncoding = 4; lastKnownFileType = sourcecode.c.h; path = EXTKeyPathCoding.h; sourceTree = "<group>"; };
		32939A7426167D1E007A4DFA /* GRDHousekeepingAPI.m */ = {isa = PBXFileReference; fileEncoding = 4; lastKnownFileType = sourcecode.c.objc; path = GRDHousekeepingAPI.m; sourceTree = "<group>"; };
		32939A7526167D1F007A4DFA /* GRDKeychain.h */ = {isa = PBXFileReference; fileEncoding = 4; lastKnownFileType = sourcecode.c.h; path = GRDKeychain.h; sourceTree = "<group>"; };
		32939A7626167D1F007A4DFA /* GRDGatewayAPIResponse.m */ = {isa = PBXFileReference; fileEncoding = 4; lastKnownFileType = sourcecode.c.objc; path = GRDGatewayAPIResponse.m; sourceTree = "<group>"; };
		32939A7726167D1F007A4DFA /* GRDServerManager.m */ = {isa = PBXFileReference; fileEncoding = 4; lastKnownFileType = sourcecode.c.objc; path = GRDServerManager.m; sourceTree = "<group>"; };
		32939A7826167D1F007A4DFA /* GRDSubscriberCredential.m */ = {isa = PBXFileReference; fileEncoding = 4; lastKnownFileType = sourcecode.c.objc; path = GRDSubscriberCredential.m; sourceTree = "<group>"; };
		32939A7926167D1F007A4DFA /* GRDSubscriberCredential.h */ = {isa = PBXFileReference; fileEncoding = 4; lastKnownFileType = sourcecode.c.h; path = GRDSubscriberCredential.h; sourceTree = "<group>"; };
		32939A7A26167D1F007A4DFA /* GRDVPNHelper.m */ = {isa = PBXFileReference; fileEncoding = 4; lastKnownFileType = sourcecode.c.objc; path = GRDVPNHelper.m; sourceTree = "<group>"; };
		32939A7B26167D1F007A4DFA /* GRDKeychain.m */ = {isa = PBXFileReference; fileEncoding = 4; lastKnownFileType = sourcecode.c.objc; path = GRDKeychain.m; sourceTree = "<group>"; };
		32939A7C26167D1F007A4DFA /* GRDGatewayAPI.m */ = {isa = PBXFileReference; fileEncoding = 4; lastKnownFileType = sourcecode.c.objc; path = GRDGatewayAPI.m; sourceTree = "<group>"; };
		32939A7E26167D1F007A4DFA /* GRDGatewayAPI.h */ = {isa = PBXFileReference; fileEncoding = 4; lastKnownFileType = sourcecode.c.h; path = GRDGatewayAPI.h; sourceTree = "<group>"; };
		32939A7F26167D1F007A4DFA /* GRDVPNHelper.h */ = {isa = PBXFileReference; fileEncoding = 4; lastKnownFileType = sourcecode.c.h; path = GRDVPNHelper.h; sourceTree = "<group>"; };
		32939A8126167D1F007A4DFA /* GRDServerManager.h */ = {isa = PBXFileReference; fileEncoding = 4; lastKnownFileType = sourcecode.c.h; path = GRDServerManager.h; sourceTree = "<group>"; };
		32939A8226167D1F007A4DFA /* GRDHousekeepingAPI.h */ = {isa = PBXFileReference; fileEncoding = 4; lastKnownFileType = sourcecode.c.h; path = GRDHousekeepingAPI.h; sourceTree = "<group>"; };
		32939A8426167D20007A4DFA /* GRDGatewayAPIResponse.h */ = {isa = PBXFileReference; fileEncoding = 4; lastKnownFileType = sourcecode.c.h; path = GRDGatewayAPIResponse.h; sourceTree = "<group>"; };
		329C527A26315721003B78D8 /* NetworkExtension.framework */ = {isa = PBXFileReference; lastKnownFileType = wrapper.framework; name = NetworkExtension.framework; path = Platforms/MacOSX.platform/Developer/SDKs/MacOSX10.15.sdk/System/Library/Frameworks/NetworkExtension.framework; sourceTree = DEVELOPER_DIR; };
		32A49C3D263900E100D15910 /* README.md */ = {isa = PBXFileReference; lastKnownFileType = net.daringfireball.markdown; path = README.md; sourceTree = "<group>"; };
		32A49C48263944C700D15910 /* StoreKit.framework */ = {isa = PBXFileReference; lastKnownFileType = wrapper.framework; name = StoreKit.framework; path = Platforms/MacOSX.platform/Developer/SDKs/MacOSX10.15.sdk/System/Library/Frameworks/StoreKit.framework; sourceTree = DEVELOPER_DIR; };
		32A664BA26532583008277E0 /* iOSSampleApp.entitlements */ = {isa = PBXFileReference; lastKnownFileType = text.plist.entitlements; path = iOSSampleApp.entitlements; sourceTree = "<group>"; };
		32A664BB26532583008277E0 /* NetworkExtension.framework */ = {isa = PBXFileReference; lastKnownFileType = wrapper.framework; name = NetworkExtension.framework; path = System/Library/Frameworks/NetworkExtension.framework; sourceTree = SDKROOT; };
		32D80A42265B195200F5C33B /* GRDReceiptLineItem.h */ = {isa = PBXFileReference; lastKnownFileType = sourcecode.c.h; path = GRDReceiptLineItem.h; sourceTree = "<group>"; };
		32D80A43265B195200F5C33B /* GRDReceiptLineItem.m */ = {isa = PBXFileReference; lastKnownFileType = sourcecode.c.objc; path = GRDReceiptLineItem.m; sourceTree = "<group>"; };
		32D80A47265B1ABE00F5C33B /* NSString+Extras.h */ = {isa = PBXFileReference; lastKnownFileType = sourcecode.c.h; path = "NSString+Extras.h"; sourceTree = "<group>"; };
		32D80A48265B1ABE00F5C33B /* NSString+Extras.m */ = {isa = PBXFileReference; lastKnownFileType = sourcecode.c.objc; path = "NSString+Extras.m"; sourceTree = "<group>"; };
		32E1AE142698E2DF0057D80A /* NSObject+Dictionary.h */ = {isa = PBXFileReference; lastKnownFileType = sourcecode.c.h; path = "NSObject+Dictionary.h"; sourceTree = "<group>"; };
		32E1AE152698E2DF0057D80A /* NSObject+Dictionary.m */ = {isa = PBXFileReference; lastKnownFileType = sourcecode.c.objc; path = "NSObject+Dictionary.m"; sourceTree = "<group>"; };
		32E92C02262A1B3D00A3202C /* GuardianConnect.framework */ = {isa = PBXFileReference; explicitFileType = wrapper.framework; includeInIndex = 0; path = GuardianConnect.framework; sourceTree = BUILT_PRODUCTS_DIR; };
		32E92C04262A1B3D00A3202C /* GuardianConnect.h */ = {isa = PBXFileReference; lastKnownFileType = sourcecode.c.h; path = GuardianConnect.h; sourceTree = "<group>"; };
		32E92C05262A1B3D00A3202C /* Info.plist */ = {isa = PBXFileReference; lastKnownFileType = text.plist.xml; path = Info.plist; sourceTree = "<group>"; };
		32E92C62262F3F3800A3202C /* build_framework.sh */ = {isa = PBXFileReference; lastKnownFileType = text.script.sh; path = build_framework.sh; sourceTree = "<group>"; };
/* End PBXFileReference section */

/* Begin PBXFrameworksBuildPhase section */
		23BBBC552923E70D00BAEC41 /* Frameworks */ = {
			isa = PBXFrameworksBuildPhase;
			buildActionMask = 2147483647;
			files = (
				23BBBC592923E70D00BAEC41 /* NetworkExtension.framework in Frameworks */,
				23187E03292F797800ED302A /* GRDWireGuardKit.xcframework in Frameworks */,
			);
			runOnlyForDeploymentPostprocessing = 0;
		};
		321BA140261404A100E876CB /* Frameworks */ = {
			isa = PBXFrameworksBuildPhase;
			buildActionMask = 2147483647;
			files = (
				232ED3F4278F172C008B1FCE /* CryptoKit.framework in Frameworks */,
			);
			runOnlyForDeploymentPostprocessing = 0;
		};
		3224BC0F26531A5E00E5B4AD /* Frameworks */ = {
			isa = PBXFrameworksBuildPhase;
			buildActionMask = 2147483647;
			files = (
				324E93A42657600D00237837 /* GuardianConnect.framework in Frameworks */,
				23FCE58929DEADE400E735E9 /* GRDWireGuardKit.xcframework in Frameworks */,
				32A664BC26532583008277E0 /* NetworkExtension.framework in Frameworks */,
			);
			runOnlyForDeploymentPostprocessing = 0;
		};
		32E92BFF262A1B3D00A3202C /* Frameworks */ = {
			isa = PBXFrameworksBuildPhase;
			buildActionMask = 2147483647;
			files = (
				232ED3F6278F1733008B1FCE /* CryptoKit.framework in Frameworks */,
			);
			runOnlyForDeploymentPostprocessing = 0;
		};
/* End PBXFrameworksBuildPhase section */

/* Begin PBXGroup section */
		23BBBC5A2923E70D00BAEC41 /* WireGuardPTP */ = {
			isa = PBXGroup;
			children = (
				23BBBC5B2923E70D00BAEC41 /* PacketTunnelProvider.swift */,
				23BBBC5D2923E70D00BAEC41 /* Info.plist */,
				23BBBC5E2923E70D00BAEC41 /* WireGuardPTP.entitlements */,
				23187E01292F796E00ED302A /* GRDWireGuardKit.xcframework */,
			);
			path = WireGuardPTP;
			sourceTree = "<group>";
		};
		321BA139261404A100E876CB = {
			isa = PBXGroup;
			children = (
				23A3D13D285B76B400AC2B0C /* Package.swift */,
				32A49C3D263900E100D15910 /* README.md */,
				32E92C62262F3F3800A3202C /* build_framework.sh */,
				321BA145261404A100E876CB /* GuardianConnect */,
				32E92C03262A1B3D00A3202C /* GuardianConnectMac */,
				3224BC1326531A5E00E5B4AD /* iOSSampleApp */,
				23BBBC5A2923E70D00BAEC41 /* WireGuardPTP */,
				321BA144261404A100E876CB /* Products */,
				329C5278263151A6003B78D8 /* Frameworks */,
			);
			sourceTree = "<group>";
		};
		321BA144261404A100E876CB /* Products */ = {
			isa = PBXGroup;
			children = (
				321BA143261404A100E876CB /* GuardianConnect.framework */,
				32E92C02262A1B3D00A3202C /* GuardianConnect.framework */,
				3224BC1226531A5E00E5B4AD /* iOSSampleApp.app */,
				23BBBC582923E70D00BAEC41 /* WireGuardPTP.appex */,
			);
			name = Products;
			sourceTree = "<group>";
		};
		321BA145261404A100E876CB /* GuardianConnect */ = {
			isa = PBXGroup;
			children = (
				32939A6226167D0E007A4DFA /* Categories */,
				32939A6526167D0E007A4DFA /* extobjc */,
				32939A962616837F007A4DFA /* Classes */,
				321BA1972614070F00E876CB /* PrefixHeader.pch */,
				321BA146261404A100E876CB /* GuardianConnect.h */,
				321BA19F261408B800E876CB /* Shared.h */,
				321BA147261404A100E876CB /* Info.plist */,
			);
			path = GuardianConnect;
			sourceTree = "<group>";
		};
		3224BC1326531A5E00E5B4AD /* iOSSampleApp */ = {
			isa = PBXGroup;
			children = (
				32A664BA26532583008277E0 /* iOSSampleApp.entitlements */,
				3224BC1426531A5E00E5B4AD /* AppDelegate.swift */,
				3224BC1626531A5E00E5B4AD /* ViewController.swift */,
				3224BC1826531A5E00E5B4AD /* Main.storyboard */,
				3224BC1B26531A5F00E5B4AD /* Assets.xcassets */,
				3224BC1D26531A5F00E5B4AD /* LaunchScreen.storyboard */,
				3224BC2026531A5F00E5B4AD /* Info.plist */,
			);
			path = iOSSampleApp;
			sourceTree = "<group>";
		};
		3252D68726939F3700FE7402 /* StoreKit */ = {
			isa = PBXGroup;
			children = (
				3252D62926938DC000FE7402 /* GRDSubscriptionManager.h */,
				3252D62A26938DC000FE7402 /* GRDSubscriptionManager.m */,
				3252D64E2693924F00FE7402 /* GRDIAPDiscountDetails.h */,
				3252D64D2693924F00FE7402 /* GRDIAPDiscountDetails.m */,
				23FCE59429E6F8EF00E735E9 /* GRDIAPReceiptResponse.h */,
				23FCE59529E6F8EF00E735E9 /* GRDIAPReceiptResponse.m */,
				32D80A42265B195200F5C33B /* GRDReceiptLineItem.h */,
				32D80A43265B195200F5C33B /* GRDReceiptLineItem.m */,
				23FCE58E29E6F39F00E735E9 /* GRDReceiptLineItemMetadata.h */,
				23FCE58F29E6F39F00E735E9 /* GRDReceiptLineItemMetadata.m */,
			);
			path = StoreKit;
			sourceTree = "<group>";
		};
		32939A6226167D0E007A4DFA /* Categories */ = {
			isa = PBXGroup;
			children = (
				32E1AE142698E2DF0057D80A /* NSObject+Dictionary.h */,
				32E1AE152698E2DF0057D80A /* NSObject+Dictionary.m */,
				3247E9F52628F2A7007D4E7E /* NSDate+Extras.h */,
				3247E9F42628F2A6007D4E7E /* NSDate+Extras.m */,
				32939A6426167D0E007A4DFA /* NSPredicate+Additions.h */,
				32939A6326167D0E007A4DFA /* NSPredicate+Additions.m */,
				32D80A47265B1ABE00F5C33B /* NSString+Extras.h */,
				32D80A48265B1ABE00F5C33B /* NSString+Extras.m */,
			);
			path = Categories;
			sourceTree = "<group>";
		};
		32939A6526167D0E007A4DFA /* extobjc */ = {
			isa = PBXGroup;
			children = (
				32939A6626167D0E007A4DFA /* EXTRuntimeExtensions.h */,
				32939A6726167D0E007A4DFA /* metamacros.h */,
				32939A6826167D0E007A4DFA /* EXTScope.m */,
				32939A6926167D0E007A4DFA /* EXTRuntimeExtensions.m */,
				32939A6A26167D0E007A4DFA /* EXTScope.h */,
				32939A6B26167D0E007A4DFA /* EXTKeyPathCoding.h */,
			);
			path = extobjc;
			sourceTree = "<group>";
		};
		32939A962616837F007A4DFA /* Classes */ = {
			isa = PBXGroup;
			children = (
				3252D68726939F3700FE7402 /* StoreKit */,
				32ABCF5026352BCF0030B258 /* API */,
				32ABCF4F26352BAC0030B258 /* Credentials */,
				23F9D37C272FEEE000CDDB5B /* GRDLogger.h */,
				23F9D37B272FEEE000CDDB5B /* GRDLogger.m */,
				32939A7F26167D1F007A4DFA /* GRDVPNHelper.h */,
				32939A7A26167D1F007A4DFA /* GRDVPNHelper.m */,
				2362523829A7CE7000C11DDC /* GRDErrorHelper.h */,
				2362523929A7CE7000C11DDC /* GRDErrorHelper.m */,
				235E3E662993F8A5008E915B /* GRDConnectSubscriber.h */,
				235E3E672993F8A5008E915B /* GRDConnectSubscriber.m */,
				235E3E6C2993F8B6008E915B /* GRDConnectDevice.h */,
				235E3E6D2993F8B6008E915B /* GRDConnectDevice.m */,
				23C2144127986ABF0061B2BC /* GRDTunnelManager.h */,
				23C2144027986ABF0061B2BC /* GRDTunnelManager.m */,
				232ED3D7278604C6008B1FCE /* GRDTransportProtocol.h */,
				232ED3D8278604C6008B1FCE /* GRDTransportProtocol.m */,
				236251EE299CE48C00C11DDC /* GRDDNSHelper.h */,
				236251EF299CE48C00C11DDC /* GRDDNSHelper.m */,
				2311772D29CB48B8007FD6AA /* GRDDeviceFilterConfigBlocklist.h */,
				2311772E29CB48B8007FD6AA /* GRDDeviceFilterConfigBlocklist.m */,
			);
			path = Classes;
			sourceTree = "<group>";
		};
		329C5278263151A6003B78D8 /* Frameworks */ = {
			isa = PBXGroup;
			children = (
				231A2023292CE6AC00D8E9C2 /* GRDWireGuardKit.xcframework */,
				23BBBC672923EA1400BAEC41 /* libGRDWireGuardKitiOS.a */,
				232ED3F3278F172C008B1FCE /* CryptoKit.framework */,
				232ED3F5278F1733008B1FCE /* CryptoKit.framework */,
				32A664BB26532583008277E0 /* NetworkExtension.framework */,
				32A49C48263944C700D15910 /* StoreKit.framework */,
				329C527A26315721003B78D8 /* NetworkExtension.framework */,
			);
			name = Frameworks;
			sourceTree = "<group>";
		};
		32ABCF4F26352BAC0030B258 /* Credentials */ = {
			isa = PBXGroup;
			children = (
				32939A7526167D1F007A4DFA /* GRDKeychain.h */,
				32939A7B26167D1F007A4DFA /* GRDKeychain.m */,
				2362524129C2273600C11DDC /* GRDPEToken.h */,
				2362524229C2273600C11DDC /* GRDPEToken.m */,
				32939A7926167D1F007A4DFA /* GRDSubscriberCredential.h */,
				32939A7826167D1F007A4DFA /* GRDSubscriberCredential.m */,
				3247E9EE2628F252007D4E7E /* GRDCredential.h */,
				3247E9EF2628F252007D4E7E /* GRDCredential.m */,
				3247E9EC2628F252007D4E7E /* GRDCredentialManager.h */,
				3247E9ED2628F252007D4E7E /* GRDCredentialManager.m */,
				232ED3F0278F16FB008B1FCE /* Curve25519.swift */,
				23DCA2B127E37AE000130BE4 /* GRDWireGuardConfiguration.h */,
				23DCA2B227E37AE000130BE4 /* GRDWireGuardConfiguration.m */,
			);
			path = Credentials;
			sourceTree = "<group>";
		};
		32ABCF5026352BCF0030B258 /* API */ = {
			isa = PBXGroup;
			children = (
				32939A7E26167D1F007A4DFA /* GRDGatewayAPI.h */,
				32939A7C26167D1F007A4DFA /* GRDGatewayAPI.m */,
				32939A8426167D20007A4DFA /* GRDGatewayAPIResponse.h */,
				32939A7626167D1F007A4DFA /* GRDGatewayAPIResponse.m */,
				32939A8226167D1F007A4DFA /* GRDHousekeepingAPI.h */,
				32939A7426167D1E007A4DFA /* GRDHousekeepingAPI.m */,
				235E3E602993EF3D008E915B /* GRDAPIError.h */,
				235E3E612993EF3D008E915B /* GRDAPIError.m */,
				32939A8126167D1F007A4DFA /* GRDServerManager.h */,
				32939A7726167D1F007A4DFA /* GRDServerManager.m */,
				32855B18263640B90088086E /* GRDRegion.h */,
				32855B17263640B90088086E /* GRDRegion.m */,
			);
			path = API;
			sourceTree = "<group>";
		};
		32E92C03262A1B3D00A3202C /* GuardianConnectMac */ = {
			isa = PBXGroup;
			children = (
				32E92C04262A1B3D00A3202C /* GuardianConnect.h */,
				23E5FA9427304ABA000FC70F /* PrefixHeader.pch */,
				32E92C05262A1B3D00A3202C /* Info.plist */,
			);
			path = GuardianConnectMac;
			sourceTree = "<group>";
		};
/* End PBXGroup section */

/* Begin PBXHeadersBuildPhase section */
		321BA13E261404A100E876CB /* Headers */ = {
			isa = PBXHeadersBuildPhase;
			buildActionMask = 2147483647;
			files = (
				321BA1A0261408B800E876CB /* Shared.h in Headers */,
				32939A9026167D20007A4DFA /* GRDVPNHelper.h in Headers */,
				235E3E622993EF3D008E915B /* GRDAPIError.h in Headers */,
				32939A6D26167D0E007A4DFA /* NSPredicate+Additions.h in Headers */,
				32D80A49265B1ABE00F5C33B /* NSString+Extras.h in Headers */,
				32939A6E26167D0E007A4DFA /* EXTRuntimeExtensions.h in Headers */,
				32939A6F26167D0E007A4DFA /* metamacros.h in Headers */,
				32939A9226167D20007A4DFA /* GRDServerManager.h in Headers */,
				32939A9526167D20007A4DFA /* GRDGatewayAPIResponse.h in Headers */,
				23FCE59029E6F39F00E735E9 /* GRDReceiptLineItemMetadata.h in Headers */,
				23DCA2B327E37AE000130BE4 /* GRDWireGuardConfiguration.h in Headers */,
				236251F0299CE48C00C11DDC /* GRDDNSHelper.h in Headers */,
				32939A8626167D20007A4DFA /* GRDKeychain.h in Headers */,
				32939A8F26167D20007A4DFA /* GRDGatewayAPI.h in Headers */,
				2362523A29A7CE7000C11DDC /* GRDErrorHelper.h in Headers */,
				32939A7326167D0E007A4DFA /* EXTKeyPathCoding.h in Headers */,
				3252D6512693924F00FE7402 /* GRDIAPDiscountDetails.h in Headers */,
				32D80A44265B195200F5C33B /* GRDReceiptLineItem.h in Headers */,
				32939A7226167D0E007A4DFA /* EXTScope.h in Headers */,
				235E3E682993F8A5008E915B /* GRDConnectSubscriber.h in Headers */,
				23FCE59629E6F8EF00E735E9 /* GRDIAPReceiptResponse.h in Headers */,
				232ED3D9278604C6008B1FCE /* GRDTransportProtocol.h in Headers */,
				23F9D37E272FEEE000CDDB5B /* GRDLogger.h in Headers */,
				3247E9F22628F253007D4E7E /* GRDCredential.h in Headers */,
				32939A9326167D20007A4DFA /* GRDHousekeepingAPI.h in Headers */,
				3252D62B26938DC000FE7402 /* GRDSubscriptionManager.h in Headers */,
				3247E9F72628F2A7007D4E7E /* NSDate+Extras.h in Headers */,
				3247E9F02628F253007D4E7E /* GRDCredentialManager.h in Headers */,
				32E1AE162698E2DF0057D80A /* NSObject+Dictionary.h in Headers */,
				235E3E6E2993F8B6008E915B /* GRDConnectDevice.h in Headers */,
				2311772F29CB48B8007FD6AA /* GRDDeviceFilterConfigBlocklist.h in Headers */,
				2362524329C2273600C11DDC /* GRDPEToken.h in Headers */,
				32939A8A26167D20007A4DFA /* GRDSubscriberCredential.h in Headers */,
				23C2144427986ABF0061B2BC /* GRDTunnelManager.h in Headers */,
				32855B1B263640B90088086E /* GRDRegion.h in Headers */,
				321BA148261404A100E876CB /* GuardianConnect.h in Headers */,
			);
			runOnlyForDeploymentPostprocessing = 0;
		};
		32E92BFD262A1B3D00A3202C /* Headers */ = {
			isa = PBXHeadersBuildPhase;
			buildActionMask = 2147483647;
			files = (
				32E92C21262A1BA700A3202C /* GRDServerManager.h in Headers */,
				32E92C29262A1BCA00A3202C /* EXTKeyPathCoding.h in Headers */,
				235E3E632993EF3D008E915B /* GRDAPIError.h in Headers */,
				32E92C26262A1BBD00A3202C /* EXTRuntimeExtensions.h in Headers */,
				328035B22666C53700A173CE /* NSString+Extras.h in Headers */,
				32E92C1E262A1BA700A3202C /* GRDHousekeepingAPI.h in Headers */,
				32E92C27262A1BC100A3202C /* metamacros.h in Headers */,
				32E92C23262A1BA700A3202C /* GRDVPNHelper.h in Headers */,
				32E92C1F262A1BA700A3202C /* GRDKeychain.h in Headers */,
				23FCE59129E6F39F00E735E9 /* GRDReceiptLineItemMetadata.h in Headers */,
				23DCA2B427E37AE000130BE4 /* GRDWireGuardConfiguration.h in Headers */,
				236251F1299CE48C00C11DDC /* GRDDNSHelper.h in Headers */,
				32E92C1C262A1BA700A3202C /* GRDGatewayAPI.h in Headers */,
				32E92C1D262A1BA700A3202C /* GRDGatewayAPIResponse.h in Headers */,
				2362523B29A7CE7000C11DDC /* GRDErrorHelper.h in Headers */,
				32E92C19262A1BA700A3202C /* GRDCredential.h in Headers */,
				3252D6522693924F00FE7402 /* GRDIAPDiscountDetails.h in Headers */,
				32E92C06262A1B3D00A3202C /* GuardianConnect.h in Headers */,
				328035AE2666C3FD00A173CE /* GRDReceiptLineItem.h in Headers */,
				32E92C24262A1BAE00A3202C /* NSDate+Extras.h in Headers */,
				23FCE59729E6F8EF00E735E9 /* GRDIAPReceiptResponse.h in Headers */,
				235E3E692993F8A5008E915B /* GRDConnectSubscriber.h in Headers */,
				23E5FA9227304AA7000FC70F /* GRDLogger.h in Headers */,
				32E92C18262A1B9A00A3202C /* Shared.h in Headers */,
				32E92C1A262A1BA700A3202C /* GRDCredentialManager.h in Headers */,
				3252D62C26938DC000FE7402 /* GRDSubscriptionManager.h in Headers */,
				232ED3DA278604C6008B1FCE /* GRDTransportProtocol.h in Headers */,
				32E92C25262A1BB600A3202C /* NSPredicate+Additions.h in Headers */,
				32E1AE172698E2DF0057D80A /* NSObject+Dictionary.h in Headers */,
				235E3E6F2993F8B6008E915B /* GRDConnectDevice.h in Headers */,
				2311773029CB48B8007FD6AA /* GRDDeviceFilterConfigBlocklist.h in Headers */,
				2362524429C2273600C11DDC /* GRDPEToken.h in Headers */,
				23C2144527986ABF0061B2BC /* GRDTunnelManager.h in Headers */,
				32E92C22262A1BA700A3202C /* GRDSubscriberCredential.h in Headers */,
				32855B1C263640B90088086E /* GRDRegion.h in Headers */,
				32E92C28262A1BC500A3202C /* EXTScope.h in Headers */,
			);
			runOnlyForDeploymentPostprocessing = 0;
		};
/* End PBXHeadersBuildPhase section */

/* Begin PBXLegacyTarget section */
		32E6BB4D2660C26200B4DD46 /* XCFramework */ = {
			isa = PBXLegacyTarget;
			buildArgumentsString = "build_framework.sh NOXCP";
			buildConfigurationList = 32E6BB502660C26200B4DD46 /* Build configuration list for PBXLegacyTarget "XCFramework" */;
			buildPhases = (
			);
			buildToolPath = /bin/bash;
			buildWorkingDirectory = $SRCROOT;
			dependencies = (
			);
			name = XCFramework;
			passBuildSettingsInEnvironment = 1;
			productName = XCFramework;
		};
/* End PBXLegacyTarget section */

/* Begin PBXNativeTarget section */
		23BBBC572923E70D00BAEC41 /* WireGuardPTP */ = {
			isa = PBXNativeTarget;
			buildConfigurationList = 23BBBC622923E70D00BAEC41 /* Build configuration list for PBXNativeTarget "WireGuardPTP" */;
			buildPhases = (
				23BBBC542923E70D00BAEC41 /* Sources */,
				23BBBC552923E70D00BAEC41 /* Frameworks */,
				23BBBC562923E70D00BAEC41 /* Resources */,
			);
			buildRules = (
			);
			dependencies = (
			);
			name = WireGuardPTP;
			productName = WireGuardPTP;
			productReference = 23BBBC582923E70D00BAEC41 /* WireGuardPTP.appex */;
			productType = "com.apple.product-type.app-extension";
		};
		321BA142261404A100E876CB /* GuardianConnect */ = {
			isa = PBXNativeTarget;
			buildConfigurationList = 321BA14B261404A100E876CB /* Build configuration list for PBXNativeTarget "GuardianConnect" */;
			buildPhases = (
				321BA13E261404A100E876CB /* Headers */,
				321BA13F261404A100E876CB /* Sources */,
				321BA140261404A100E876CB /* Frameworks */,
				321BA141261404A100E876CB /* Resources */,
			);
			buildRules = (
			);
			dependencies = (
			);
			name = GuardianConnect;
			productName = GuardianFirewall;
			productReference = 321BA143261404A100E876CB /* GuardianConnect.framework */;
			productType = "com.apple.product-type.framework";
		};
		3224BC1126531A5E00E5B4AD /* iOSSampleApp */ = {
			isa = PBXNativeTarget;
			buildConfigurationList = 3224BC2326531A5F00E5B4AD /* Build configuration list for PBXNativeTarget "iOSSampleApp" */;
			buildPhases = (
				3224BC0E26531A5E00E5B4AD /* Sources */,
				3224BC0F26531A5E00E5B4AD /* Frameworks */,
				3224BC1026531A5E00E5B4AD /* Resources */,
				32A664B226531C20008277E0 /* CopyFiles */,
				23BBBC652923E70D00BAEC41 /* Embed Foundation Extensions */,
			);
			buildRules = (
			);
			dependencies = (
				32A664B126531C15008277E0 /* PBXTargetDependency */,
				23BBBC602923E70D00BAEC41 /* PBXTargetDependency */,
			);
			name = iOSSampleApp;
			productName = iOSSampleApp;
			productReference = 3224BC1226531A5E00E5B4AD /* iOSSampleApp.app */;
			productType = "com.apple.product-type.application";
		};
		32E92C01262A1B3D00A3202C /* GuardianConnectMac */ = {
			isa = PBXNativeTarget;
			buildConfigurationList = 32E92C09262A1B3D00A3202C /* Build configuration list for PBXNativeTarget "GuardianConnectMac" */;
			buildPhases = (
				32E92BFD262A1B3D00A3202C /* Headers */,
				32E92BFE262A1B3D00A3202C /* Sources */,
				32E92BFF262A1B3D00A3202C /* Frameworks */,
				32E92C00262A1B3D00A3202C /* Resources */,
			);
			buildRules = (
			);
			dependencies = (
			);
			name = GuardianConnectMac;
			productName = GuardianConnectMac;
			productReference = 32E92C02262A1B3D00A3202C /* GuardianConnect.framework */;
			productType = "com.apple.product-type.framework";
		};
/* End PBXNativeTarget section */

/* Begin PBXProject section */
		321BA13A261404A100E876CB /* Project object */ = {
			isa = PBXProject;
			attributes = {
				LastSwiftUpdateCheck = 1410;
				LastUpgradeCheck = 1410;
				ORGANIZATIONNAME = "Sudo Security Group Inc";
				TargetAttributes = {
					23BBBC572923E70D00BAEC41 = {
						CreatedOnToolsVersion = 14.1;
					};
					321BA142261404A100E876CB = {
						CreatedOnToolsVersion = 11.7;
						LastSwiftMigration = 1320;
					};
					3224BC1126531A5E00E5B4AD = {
						CreatedOnToolsVersion = 10.1;
					};
					32E6BB4D2660C26200B4DD46 = {
						CreatedOnToolsVersion = 11.7;
						LastSwiftMigration = 1320;
					};
					32E92C01262A1B3D00A3202C = {
						CreatedOnToolsVersion = 11.7;
						LastSwiftMigration = 1320;
					};
				};
			};
			buildConfigurationList = 321BA13D261404A100E876CB /* Build configuration list for PBXProject "GuardianConnect" */;
			compatibilityVersion = "Xcode 9.3";
			developmentRegion = en;
			hasScannedForEncodings = 0;
			knownRegions = (
				en,
				Base,
			);
			mainGroup = 321BA139261404A100E876CB;
			productRefGroup = 321BA144261404A100E876CB /* Products */;
			projectDirPath = "";
			projectRoot = "";
			targets = (
				321BA142261404A100E876CB /* GuardianConnect */,
				32E92C01262A1B3D00A3202C /* GuardianConnectMac */,
				32E6BB4D2660C26200B4DD46 /* XCFramework */,
				3224BC1126531A5E00E5B4AD /* iOSSampleApp */,
				23BBBC572923E70D00BAEC41 /* WireGuardPTP */,
			);
		};
/* End PBXProject section */

/* Begin PBXResourcesBuildPhase section */
		23BBBC562923E70D00BAEC41 /* Resources */ = {
			isa = PBXResourcesBuildPhase;
			buildActionMask = 2147483647;
			files = (
			);
			runOnlyForDeploymentPostprocessing = 0;
		};
		321BA141261404A100E876CB /* Resources */ = {
			isa = PBXResourcesBuildPhase;
			buildActionMask = 2147483647;
			files = (
			);
			runOnlyForDeploymentPostprocessing = 0;
		};
		3224BC1026531A5E00E5B4AD /* Resources */ = {
			isa = PBXResourcesBuildPhase;
			buildActionMask = 2147483647;
			files = (
				3224BC1F26531A5F00E5B4AD /* LaunchScreen.storyboard in Resources */,
				3224BC1C26531A5F00E5B4AD /* Assets.xcassets in Resources */,
				3224BC1A26531A5E00E5B4AD /* Main.storyboard in Resources */,
			);
			runOnlyForDeploymentPostprocessing = 0;
		};
		32E92C00262A1B3D00A3202C /* Resources */ = {
			isa = PBXResourcesBuildPhase;
			buildActionMask = 2147483647;
			files = (
			);
			runOnlyForDeploymentPostprocessing = 0;
		};
/* End PBXResourcesBuildPhase section */

/* Begin PBXSourcesBuildPhase section */
		23BBBC542923E70D00BAEC41 /* Sources */ = {
			isa = PBXSourcesBuildPhase;
			buildActionMask = 2147483647;
			files = (
				23BBBC5C2923E70D00BAEC41 /* PacketTunnelProvider.swift in Sources */,
			);
			runOnlyForDeploymentPostprocessing = 0;
		};
		321BA13F261404A100E876CB /* Sources */ = {
			isa = PBXSourcesBuildPhase;
			buildActionMask = 2147483647;
			files = (
				23FCE59829E6F8EF00E735E9 /* GRDIAPReceiptResponse.m in Sources */,
				32939A8826167D20007A4DFA /* GRDServerManager.m in Sources */,
				32E1AE182698E2DF0057D80A /* NSObject+Dictionary.m in Sources */,
				32D80A4A265B1ABE00F5C33B /* NSString+Extras.m in Sources */,
				23F9D37D272FEEE000CDDB5B /* GRDLogger.m in Sources */,
				2311773129CB48B8007FD6AA /* GRDDeviceFilterConfigBlocklist.m in Sources */,
				232ED3DB278604C6008B1FCE /* GRDTransportProtocol.m in Sources */,
				32939A7026167D0E007A4DFA /* EXTScope.m in Sources */,
				32D80A45265B195200F5C33B /* GRDReceiptLineItem.m in Sources */,
				32855B19263640B90088086E /* GRDRegion.m in Sources */,
				3247E9F32628F253007D4E7E /* GRDCredential.m in Sources */,
				32939A8B26167D20007A4DFA /* GRDVPNHelper.m in Sources */,
				23C2144227986ABF0061B2BC /* GRDTunnelManager.m in Sources */,
				3252D64F2693924F00FE7402 /* GRDIAPDiscountDetails.m in Sources */,
				3252D62D26938DC000FE7402 /* GRDSubscriptionManager.m in Sources */,
				32939A8526167D20007A4DFA /* GRDHousekeepingAPI.m in Sources */,
				32939A7126167D0E007A4DFA /* EXTRuntimeExtensions.m in Sources */,
				236251F2299CE48C00C11DDC /* GRDDNSHelper.m in Sources */,
				32939A8926167D20007A4DFA /* GRDSubscriberCredential.m in Sources */,
				235E3E642993EF3D008E915B /* GRDAPIError.m in Sources */,
				32939A6C26167D0E007A4DFA /* NSPredicate+Additions.m in Sources */,
				232ED3F1278F16FB008B1FCE /* Curve25519.swift in Sources */,
				2362523C29A7CE7000C11DDC /* GRDErrorHelper.m in Sources */,
				235E3E702993F8B6008E915B /* GRDConnectDevice.m in Sources */,
				3247E9F12628F253007D4E7E /* GRDCredentialManager.m in Sources */,
				235E3E6A2993F8A5008E915B /* GRDConnectSubscriber.m in Sources */,
				23FCE59229E6F39F00E735E9 /* GRDReceiptLineItemMetadata.m in Sources */,
				23DCA2B527E37AE000130BE4 /* GRDWireGuardConfiguration.m in Sources */,
				32939A8D26167D20007A4DFA /* GRDGatewayAPI.m in Sources */,
				2362524529C2273600C11DDC /* GRDPEToken.m in Sources */,
				3247E9F62628F2A7007D4E7E /* NSDate+Extras.m in Sources */,
				32939A8C26167D20007A4DFA /* GRDKeychain.m in Sources */,
				32939A8726167D20007A4DFA /* GRDGatewayAPIResponse.m in Sources */,
			);
			runOnlyForDeploymentPostprocessing = 0;
		};
		3224BC0E26531A5E00E5B4AD /* Sources */ = {
			isa = PBXSourcesBuildPhase;
			buildActionMask = 2147483647;
			files = (
				3224BC1726531A5E00E5B4AD /* ViewController.swift in Sources */,
				3224BC1526531A5E00E5B4AD /* AppDelegate.swift in Sources */,
			);
			runOnlyForDeploymentPostprocessing = 0;
		};
		32E92BFE262A1B3D00A3202C /* Sources */ = {
			isa = PBXSourcesBuildPhase;
			buildActionMask = 2147483647;
			files = (
				32E92C17262A1B6100A3202C /* GRDVPNHelper.m in Sources */,
				3252D62E26938DC000FE7402 /* GRDSubscriptionManager.m in Sources */,
				32E92C15262A1B6100A3202C /* GRDServerManager.m in Sources */,
				32E92C0C262A1B5400A3202C /* EXTScope.m in Sources */,
				32D80A46265B195A00F5C33B /* GRDReceiptLineItem.m in Sources */,
				32855B1A263640B90088086E /* GRDRegion.m in Sources */,
				32E92C14262A1B6100A3202C /* GRDKeychain.m in Sources */,
				32E92C0B262A1B4C00A3202C /* NSPredicate+Additions.m in Sources */,
				23FCE59329E6F39F00E735E9 /* GRDReceiptLineItemMetadata.m in Sources */,
				235E3E712993F8B6008E915B /* GRDConnectDevice.m in Sources */,
				32E92C12262A1B6100A3202C /* GRDGatewayAPIResponse.m in Sources */,
				32E92C13262A1B6100A3202C /* GRDHousekeepingAPI.m in Sources */,
				32E92C0F262A1B6100A3202C /* GRDCredentialManager.m in Sources */,
				32E92C16262A1B6100A3202C /* GRDSubscriberCredential.m in Sources */,
				32E92C11262A1B6100A3202C /* GRDGatewayAPI.m in Sources */,
				2362523D29A7CE7000C11DDC /* GRDErrorHelper.m in Sources */,
				2311773229CB48B8007FD6AA /* GRDDeviceFilterConfigBlocklist.m in Sources */,
				23FCE59929E6F8EF00E735E9 /* GRDIAPReceiptResponse.m in Sources */,
				23DCA2B627E37AE000130BE4 /* GRDWireGuardConfiguration.m in Sources */,
				232ED3F2278F16FB008B1FCE /* Curve25519.swift in Sources */,
				232ED3DC278604C6008B1FCE /* GRDTransportProtocol.m in Sources */,
				32E92C0E262A1B6100A3202C /* GRDCredential.m in Sources */,
				32E1AE192698E2DF0057D80A /* NSObject+Dictionary.m in Sources */,
				23E5FA9327304AAB000FC70F /* GRDLogger.m in Sources */,
				23C2144327986ABF0061B2BC /* GRDTunnelManager.m in Sources */,
				235E3E6B2993F8A5008E915B /* GRDConnectSubscriber.m in Sources */,
				236251F3299CE48C00C11DDC /* GRDDNSHelper.m in Sources */,
				3252D6502693924F00FE7402 /* GRDIAPDiscountDetails.m in Sources */,
				32E92C0D262A1B5400A3202C /* EXTRuntimeExtensions.m in Sources */,
				2362524629C2273600C11DDC /* GRDPEToken.m in Sources */,
				32E92C0A262A1B4900A3202C /* NSDate+Extras.m in Sources */,
				235E3E652993EF3D008E915B /* GRDAPIError.m in Sources */,
			);
			runOnlyForDeploymentPostprocessing = 0;
		};
/* End PBXSourcesBuildPhase section */

/* Begin PBXTargetDependency section */
		23BBBC602923E70D00BAEC41 /* PBXTargetDependency */ = {
			isa = PBXTargetDependency;
			target = 23BBBC572923E70D00BAEC41 /* WireGuardPTP */;
			targetProxy = 23BBBC5F2923E70D00BAEC41 /* PBXContainerItemProxy */;
		};
		32A664B126531C15008277E0 /* PBXTargetDependency */ = {
			isa = PBXTargetDependency;
			target = 321BA142261404A100E876CB /* GuardianConnect */;
			targetProxy = 32A664B026531C15008277E0 /* PBXContainerItemProxy */;
		};
/* End PBXTargetDependency section */

/* Begin PBXVariantGroup section */
		3224BC1826531A5E00E5B4AD /* Main.storyboard */ = {
			isa = PBXVariantGroup;
			children = (
				3224BC1926531A5E00E5B4AD /* Base */,
			);
			name = Main.storyboard;
			sourceTree = "<group>";
		};
		3224BC1D26531A5F00E5B4AD /* LaunchScreen.storyboard */ = {
			isa = PBXVariantGroup;
			children = (
				3224BC1E26531A5F00E5B4AD /* Base */,
			);
			name = LaunchScreen.storyboard;
			sourceTree = "<group>";
		};
/* End PBXVariantGroup section */

/* Begin XCBuildConfiguration section */
		23BBBC632923E70D00BAEC41 /* Debug */ = {
			isa = XCBuildConfiguration;
			buildSettings = {
				APPLICATION_EXTENSION_API_ONLY = YES;
				CLANG_CXX_LANGUAGE_STANDARD = "gnu++20";
				CODE_SIGN_ENTITLEMENTS = WireGuardPTP/WireGuardPTP.entitlements;
				CODE_SIGN_IDENTITY = "iPhone Developer";
				CODE_SIGN_STYLE = Automatic;
				CURRENT_PROJECT_VERSION = 1;
				DEVELOPMENT_TEAM = FL2NUL637S;
				FRAMEWORK_SEARCH_PATHS = (
					"$(inherited)",
					"$(PROJECT_DIR)",
				);
				GENERATE_INFOPLIST_FILE = YES;
				INFOPLIST_FILE = WireGuardPTP/Info.plist;
				INFOPLIST_KEY_CFBundleDisplayName = WireGuardPTP;
				INFOPLIST_KEY_NSHumanReadableCopyright = "Copyright © 2022 Sudo Security Group Inc. All rights reserved.";
				IPHONEOS_DEPLOYMENT_TARGET = 13.0;
				LD_RUNPATH_SEARCH_PATHS = (
					"$(inherited)",
					"@executable_path/Frameworks",
					"@executable_path/../../Frameworks",
				);
				MARKETING_VERSION = 1.0;
				PRODUCT_BUNDLE_IDENTIFIER = com.sudosecuritygroup.iOSSampleApp2.WireGuardPTP;
				PRODUCT_NAME = "$(TARGET_NAME)";
				SKIP_INSTALL = YES;
				SWIFT_ACTIVE_COMPILATION_CONDITIONS = DEBUG;
				SWIFT_EMIT_LOC_STRINGS = YES;
				SWIFT_INCLUDE_PATHS = "$(PROJECT_DIR)/libGRDWireGuardKit.framework/**";
				SWIFT_OPTIMIZATION_LEVEL = "-Onone";
				SWIFT_VERSION = 5.0;
				TARGETED_DEVICE_FAMILY = "1,2";
			};
			name = Debug;
		};
		23BBBC642923E70D00BAEC41 /* Release */ = {
			isa = XCBuildConfiguration;
			buildSettings = {
				APPLICATION_EXTENSION_API_ONLY = YES;
				CLANG_CXX_LANGUAGE_STANDARD = "gnu++20";
				CODE_SIGN_ENTITLEMENTS = WireGuardPTP/WireGuardPTP.entitlements;
				CODE_SIGN_IDENTITY = "iPhone Developer";
				CODE_SIGN_STYLE = Automatic;
				CURRENT_PROJECT_VERSION = 1;
				DEVELOPMENT_TEAM = FL2NUL637S;
				FRAMEWORK_SEARCH_PATHS = (
					"$(inherited)",
					"$(PROJECT_DIR)",
				);
				GENERATE_INFOPLIST_FILE = YES;
				INFOPLIST_FILE = WireGuardPTP/Info.plist;
				INFOPLIST_KEY_CFBundleDisplayName = WireGuardPTP;
				INFOPLIST_KEY_NSHumanReadableCopyright = "Copyright © 2022 Sudo Security Group Inc. All rights reserved.";
				IPHONEOS_DEPLOYMENT_TARGET = 13.0;
				LD_RUNPATH_SEARCH_PATHS = (
					"$(inherited)",
					"@executable_path/Frameworks",
					"@executable_path/../../Frameworks",
				);
				MARKETING_VERSION = 1.0;
				PRODUCT_BUNDLE_IDENTIFIER = com.sudosecuritygroup.iOSSampleApp2.WireGuardPTP;
				PRODUCT_NAME = "$(TARGET_NAME)";
				SKIP_INSTALL = YES;
				SWIFT_EMIT_LOC_STRINGS = YES;
				SWIFT_INCLUDE_PATHS = "$(PROJECT_DIR)/libGRDWireGuardKit.framework/**";
				SWIFT_OPTIMIZATION_LEVEL = "-O";
				SWIFT_VERSION = 5.0;
				TARGETED_DEVICE_FAMILY = "1,2";
			};
			name = Release;
		};
		321BA149261404A100E876CB /* Debug */ = {
			isa = XCBuildConfiguration;
			buildSettings = {
				ALWAYS_SEARCH_USER_PATHS = NO;
				CLANG_ANALYZER_NONNULL = YES;
				CLANG_ANALYZER_NUMBER_OBJECT_CONVERSION = YES_AGGRESSIVE;
				CLANG_CXX_LANGUAGE_STANDARD = "gnu++14";
				CLANG_CXX_LIBRARY = "libc++";
				CLANG_ENABLE_MODULES = YES;
				CLANG_ENABLE_OBJC_ARC = YES;
				CLANG_ENABLE_OBJC_WEAK = YES;
				CLANG_WARN_BLOCK_CAPTURE_AUTORELEASING = YES;
				CLANG_WARN_BOOL_CONVERSION = YES;
				CLANG_WARN_COMMA = YES;
				CLANG_WARN_CONSTANT_CONVERSION = YES;
				CLANG_WARN_DEPRECATED_OBJC_IMPLEMENTATIONS = YES;
				CLANG_WARN_DIRECT_OBJC_ISA_USAGE = YES_ERROR;
				CLANG_WARN_DOCUMENTATION_COMMENTS = YES;
				CLANG_WARN_EMPTY_BODY = YES;
				CLANG_WARN_ENUM_CONVERSION = YES;
				CLANG_WARN_INFINITE_RECURSION = YES;
				CLANG_WARN_INT_CONVERSION = YES;
				CLANG_WARN_NON_LITERAL_NULL_CONVERSION = YES;
				CLANG_WARN_OBJC_IMPLICIT_RETAIN_SELF = YES;
				CLANG_WARN_OBJC_LITERAL_CONVERSION = YES;
				CLANG_WARN_OBJC_ROOT_CLASS = YES_ERROR;
				CLANG_WARN_QUOTED_INCLUDE_IN_FRAMEWORK_HEADER = YES;
				CLANG_WARN_RANGE_LOOP_ANALYSIS = YES;
				CLANG_WARN_STRICT_PROTOTYPES = YES;
				CLANG_WARN_SUSPICIOUS_MOVE = YES;
				CLANG_WARN_UNGUARDED_AVAILABILITY = YES_AGGRESSIVE;
				CLANG_WARN_UNREACHABLE_CODE = YES;
				CLANG_WARN__DUPLICATE_METHOD_MATCH = YES;
				COPY_PHASE_STRIP = NO;
				CURRENT_PROJECT_VERSION = 1;
				DEBUG_INFORMATION_FORMAT = dwarf;
				ENABLE_STRICT_OBJC_MSGSEND = YES;
				ENABLE_TESTABILITY = YES;
				GCC_C_LANGUAGE_STANDARD = gnu11;
				GCC_DYNAMIC_NO_PIC = NO;
				GCC_NO_COMMON_BLOCKS = YES;
				GCC_OPTIMIZATION_LEVEL = 0;
				GCC_PREPROCESSOR_DEFINITIONS = (
					"DEBUG=1",
					"$(inherited)",
				);
				GCC_WARN_64_TO_32_BIT_CONVERSION = YES;
				GCC_WARN_ABOUT_RETURN_TYPE = YES_ERROR;
				GCC_WARN_UNDECLARED_SELECTOR = YES;
				GCC_WARN_UNINITIALIZED_AUTOS = YES_AGGRESSIVE;
				GCC_WARN_UNUSED_FUNCTION = YES;
				GCC_WARN_UNUSED_VARIABLE = YES;
				IPHONEOS_DEPLOYMENT_TARGET = 13.0;
				MACOSX_DEPLOYMENT_TARGET = 10.15;
				MTL_ENABLE_DEBUG_INFO = INCLUDE_SOURCE;
				MTL_FAST_MATH = YES;
				ONLY_ACTIVE_ARCH = YES;
				SDKROOT = iphoneos;
				SWIFT_OPTIMIZATION_LEVEL = "-Onone";
				VERSIONING_SYSTEM = "apple-generic";
				VERSION_INFO_PREFIX = "";
			};
			name = Debug;
		};
		321BA14A261404A100E876CB /* Release */ = {
			isa = XCBuildConfiguration;
			buildSettings = {
				ALWAYS_SEARCH_USER_PATHS = NO;
				CLANG_ANALYZER_NONNULL = YES;
				CLANG_ANALYZER_NUMBER_OBJECT_CONVERSION = YES_AGGRESSIVE;
				CLANG_CXX_LANGUAGE_STANDARD = "gnu++14";
				CLANG_CXX_LIBRARY = "libc++";
				CLANG_ENABLE_MODULES = YES;
				CLANG_ENABLE_OBJC_ARC = YES;
				CLANG_ENABLE_OBJC_WEAK = YES;
				CLANG_WARN_BLOCK_CAPTURE_AUTORELEASING = YES;
				CLANG_WARN_BOOL_CONVERSION = YES;
				CLANG_WARN_COMMA = YES;
				CLANG_WARN_CONSTANT_CONVERSION = YES;
				CLANG_WARN_DEPRECATED_OBJC_IMPLEMENTATIONS = YES;
				CLANG_WARN_DIRECT_OBJC_ISA_USAGE = YES_ERROR;
				CLANG_WARN_DOCUMENTATION_COMMENTS = YES;
				CLANG_WARN_EMPTY_BODY = YES;
				CLANG_WARN_ENUM_CONVERSION = YES;
				CLANG_WARN_INFINITE_RECURSION = YES;
				CLANG_WARN_INT_CONVERSION = YES;
				CLANG_WARN_NON_LITERAL_NULL_CONVERSION = YES;
				CLANG_WARN_OBJC_IMPLICIT_RETAIN_SELF = YES;
				CLANG_WARN_OBJC_LITERAL_CONVERSION = YES;
				CLANG_WARN_OBJC_ROOT_CLASS = YES_ERROR;
				CLANG_WARN_QUOTED_INCLUDE_IN_FRAMEWORK_HEADER = YES;
				CLANG_WARN_RANGE_LOOP_ANALYSIS = YES;
				CLANG_WARN_STRICT_PROTOTYPES = YES;
				CLANG_WARN_SUSPICIOUS_MOVE = YES;
				CLANG_WARN_UNGUARDED_AVAILABILITY = YES_AGGRESSIVE;
				CLANG_WARN_UNREACHABLE_CODE = YES;
				CLANG_WARN__DUPLICATE_METHOD_MATCH = YES;
				COPY_PHASE_STRIP = NO;
				CURRENT_PROJECT_VERSION = 1;
				DEBUG_INFORMATION_FORMAT = "dwarf-with-dsym";
				ENABLE_NS_ASSERTIONS = NO;
				ENABLE_STRICT_OBJC_MSGSEND = YES;
				GCC_C_LANGUAGE_STANDARD = gnu11;
				GCC_NO_COMMON_BLOCKS = YES;
				GCC_WARN_64_TO_32_BIT_CONVERSION = YES;
				GCC_WARN_ABOUT_RETURN_TYPE = YES_ERROR;
				GCC_WARN_UNDECLARED_SELECTOR = YES;
				GCC_WARN_UNINITIALIZED_AUTOS = YES_AGGRESSIVE;
				GCC_WARN_UNUSED_FUNCTION = YES;
				GCC_WARN_UNUSED_VARIABLE = YES;
				IPHONEOS_DEPLOYMENT_TARGET = 13.0;
				MACOSX_DEPLOYMENT_TARGET = 10.15;
				MTL_ENABLE_DEBUG_INFO = NO;
				MTL_FAST_MATH = YES;
				SDKROOT = iphoneos;
				SWIFT_COMPILATION_MODE = wholemodule;
				VALIDATE_PRODUCT = YES;
				VERSIONING_SYSTEM = "apple-generic";
				VERSION_INFO_PREFIX = "";
			};
			name = Release;
		};
		321BA14C261404A100E876CB /* Debug */ = {
			isa = XCBuildConfiguration;
			buildSettings = {
				BUILD_LIBRARY_FOR_DISTRIBUTION = YES;
				CLANG_ENABLE_MODULES = YES;
				CODE_SIGN_STYLE = Automatic;
				CURRENT_PROJECT_VERSION = 21;
				DEFINES_MODULE = YES;
				DEVELOPMENT_TEAM = FL2NUL637S;
				DYLIB_COMPATIBILITY_VERSION = 1;
				DYLIB_CURRENT_VERSION = 1;
				DYLIB_INSTALL_NAME_BASE = "@rpath";
				GCC_PREFIX_HEADER = $SRCROOT/GuardianConnect/PrefixHeader.pch;
				INFOPLIST_FILE = GuardianConnect/Info.plist;
				INSTALL_PATH = "$(LOCAL_LIBRARY_DIR)/Frameworks";
				IPHONEOS_DEPLOYMENT_TARGET = 13.0;
				LD_RUNPATH_SEARCH_PATHS = (
					"$(inherited)",
					"@executable_path/Frameworks",
					"@loader_path/Frameworks",
				);
				MARKETING_VERSION = 1.8.1;
				PRODUCT_BUNDLE_IDENTIFIER = com.sudosecuritygroup.GuardianConnect;
				PRODUCT_NAME = "$(TARGET_NAME:c99extidentifier)";
				SKIP_INSTALL = NO;
				SUPPORTS_MACCATALYST = NO;
				SWIFT_OPTIMIZATION_LEVEL = "-Onone";
				SWIFT_VERSION = 5.0;
				TARGETED_DEVICE_FAMILY = "1,2";
			};
			name = Debug;
		};
		321BA14D261404A100E876CB /* Release */ = {
			isa = XCBuildConfiguration;
			buildSettings = {
				BUILD_LIBRARY_FOR_DISTRIBUTION = YES;
				CLANG_ENABLE_MODULES = YES;
				CODE_SIGN_STYLE = Automatic;
				CURRENT_PROJECT_VERSION = 21;
				DEFINES_MODULE = YES;
				DEVELOPMENT_TEAM = FL2NUL637S;
				DYLIB_COMPATIBILITY_VERSION = 1;
				DYLIB_CURRENT_VERSION = 1;
				DYLIB_INSTALL_NAME_BASE = "@rpath";
				GCC_PREFIX_HEADER = $SRCROOT/GuardianConnect/PrefixHeader.pch;
				INFOPLIST_FILE = GuardianConnect/Info.plist;
				INSTALL_PATH = "$(LOCAL_LIBRARY_DIR)/Frameworks";
				IPHONEOS_DEPLOYMENT_TARGET = 13.0;
				LD_RUNPATH_SEARCH_PATHS = (
					"$(inherited)",
					"@executable_path/Frameworks",
					"@loader_path/Frameworks",
				);
				MARKETING_VERSION = 1.8.1;
				PRODUCT_BUNDLE_IDENTIFIER = com.sudosecuritygroup.GuardianConnect;
				PRODUCT_NAME = "$(TARGET_NAME:c99extidentifier)";
				SKIP_INSTALL = NO;
				SUPPORTS_MACCATALYST = NO;
				SWIFT_VERSION = 5.0;
				TARGETED_DEVICE_FAMILY = "1,2";
			};
			name = Release;
		};
		3224BC2126531A5F00E5B4AD /* Debug */ = {
			isa = XCBuildConfiguration;
			buildSettings = {
				ALWAYS_EMBED_SWIFT_STANDARD_LIBRARIES = YES;
				ASSETCATALOG_COMPILER_APPICON_NAME = AppIcon;
				CODE_SIGN_ENTITLEMENTS = iOSSampleApp/iOSSampleApp.entitlements;
				CODE_SIGN_IDENTITY = "iPhone Developer";
				CODE_SIGN_STYLE = Automatic;
				DEVELOPMENT_TEAM = FL2NUL637S;
				FRAMEWORK_SEARCH_PATHS = (
					"$(inherited)",
					"$(PROJECT_DIR)",
				);
				INFOPLIST_FILE = iOSSampleApp/Info.plist;
				IPHONEOS_DEPLOYMENT_TARGET = 13.0;
				LD_RUNPATH_SEARCH_PATHS = (
					"$(inherited)",
					"@executable_path/Frameworks",
				);
				PRODUCT_BUNDLE_IDENTIFIER = com.sudosecuritygroup.iOSSampleApp2;
				PRODUCT_NAME = "$(TARGET_NAME)";
				SDKROOT = iphoneos;
				STRIP_SWIFT_SYMBOLS = YES;
				SWIFT_ACTIVE_COMPILATION_CONDITIONS = DEBUG;
				SWIFT_COMPILATION_MODE = singlefile;
				SWIFT_DISABLE_SAFETY_CHECKS = YES;
				SWIFT_OPTIMIZATION_LEVEL = "-Onone";
				SWIFT_VERSION = 5.0;
				TARGETED_DEVICE_FAMILY = "1,2";
			};
			name = Debug;
		};
		3224BC2226531A5F00E5B4AD /* Release */ = {
			isa = XCBuildConfiguration;
			buildSettings = {
				ALWAYS_EMBED_SWIFT_STANDARD_LIBRARIES = YES;
				ASSETCATALOG_COMPILER_APPICON_NAME = AppIcon;
				CODE_SIGN_ENTITLEMENTS = iOSSampleApp/iOSSampleApp.entitlements;
				CODE_SIGN_IDENTITY = "iPhone Developer";
				CODE_SIGN_STYLE = Automatic;
				DEVELOPMENT_TEAM = FL2NUL637S;
				FRAMEWORK_SEARCH_PATHS = (
					"$(inherited)",
					"$(PROJECT_DIR)",
				);
				INFOPLIST_FILE = iOSSampleApp/Info.plist;
				IPHONEOS_DEPLOYMENT_TARGET = 13.0;
				LD_RUNPATH_SEARCH_PATHS = (
					"$(inherited)",
					"@executable_path/Frameworks",
				);
				PRODUCT_BUNDLE_IDENTIFIER = com.sudosecuritygroup.iOSSampleApp2;
				PRODUCT_NAME = "$(TARGET_NAME)";
				SDKROOT = iphoneos;
				SWIFT_COMPILATION_MODE = wholemodule;
				SWIFT_DISABLE_SAFETY_CHECKS = YES;
				SWIFT_OPTIMIZATION_LEVEL = "-O";
				SWIFT_VERSION = 5.0;
				TARGETED_DEVICE_FAMILY = "1,2";
			};
			name = Release;
		};
		32E6BB4E2660C26200B4DD46 /* Debug */ = {
			isa = XCBuildConfiguration;
			buildSettings = {
				BUILD_LIBRARY_FOR_DISTRIBUTION = YES;
				CLANG_ENABLE_MODULES = YES;
				CODE_SIGN_STYLE = Automatic;
				DEBUGGING_SYMBOLS = YES;
				DEBUG_INFORMATION_FORMAT = dwarf;
				DEVELOPMENT_TEAM = FL2NUL637S;
				GCC_GENERATE_DEBUGGING_SYMBOLS = YES;
				GCC_OPTIMIZATION_LEVEL = 0;
				LD_RUNPATH_SEARCH_PATHS = (
					"$(inherited)",
					"@executable_path/Frameworks",
					"@loader_path/Frameworks",
				);
				OTHER_CFLAGS = "";
				OTHER_LDFLAGS = "";
				PRODUCT_NAME = "$(TARGET_NAME)";
				SWIFT_OBJC_BRIDGING_HEADER = "GuardianConnect/Classes/XCFramework-Bridging-Header.h";
				SWIFT_OPTIMIZATION_LEVEL = "-Onone";
				SWIFT_VERSION = 5.0;
			};
			name = Debug;
		};
		32E6BB4F2660C26200B4DD46 /* Release */ = {
			isa = XCBuildConfiguration;
			buildSettings = {
				BUILD_LIBRARY_FOR_DISTRIBUTION = YES;
				CLANG_ENABLE_MODULES = YES;
				CODE_SIGN_STYLE = Automatic;
				DEBUG_INFORMATION_FORMAT = "dwarf-with-dsym";
				DEVELOPMENT_TEAM = FL2NUL637S;
				LD_RUNPATH_SEARCH_PATHS = (
					"$(inherited)",
					"@executable_path/Frameworks",
					"@loader_path/Frameworks",
				);
				OTHER_CFLAGS = "";
				OTHER_LDFLAGS = "";
				PRODUCT_NAME = "$(TARGET_NAME)";
				SWIFT_OBJC_BRIDGING_HEADER = "GuardianConnect/Classes/XCFramework-Bridging-Header.h";
				SWIFT_VERSION = 5.0;
			};
			name = Release;
		};
		32E92C07262A1B3D00A3202C /* Debug */ = {
			isa = XCBuildConfiguration;
			buildSettings = {
				BUILD_LIBRARY_FOR_DISTRIBUTION = YES;
				CLANG_ENABLE_MODULES = YES;
				CODE_SIGN_STYLE = Automatic;
				COMBINE_HIDPI_IMAGES = YES;
				CURRENT_PROJECT_VERSION = 21;
				DEAD_CODE_STRIPPING = YES;
				DEFINES_MODULE = YES;
				DEVELOPMENT_TEAM = FL2NUL637S;
				DYLIB_COMPATIBILITY_VERSION = 1;
				DYLIB_CURRENT_VERSION = 1;
				DYLIB_INSTALL_NAME_BASE = "@rpath";
				GCC_PREFIX_HEADER = $SRCROOT/GuardianConnectMac/PrefixHeader.pch;
				INFOPLIST_FILE = GuardianConnect/Info.plist;
				INSTALL_PATH = "$(LOCAL_LIBRARY_DIR)/Frameworks";
				LD_RUNPATH_SEARCH_PATHS = (
					"$(inherited)",
					"@executable_path/../Frameworks",
					"@loader_path/Frameworks",
				);
				MACOSX_DEPLOYMENT_TARGET = 10.15;
				MARKETING_VERSION = 1.8.1;
				PRODUCT_BUNDLE_IDENTIFIER = com.sudosecuritygroup.GuardianConnectMac;
				PRODUCT_NAME = GuardianConnect;
				SDKROOT = macosx;
				SKIP_INSTALL = NO;
				SWIFT_OPTIMIZATION_LEVEL = "-Onone";
				SWIFT_VERSION = 5.0;
			};
			name = Debug;
		};
		32E92C08262A1B3D00A3202C /* Release */ = {
			isa = XCBuildConfiguration;
			buildSettings = {
				BUILD_LIBRARY_FOR_DISTRIBUTION = YES;
				CLANG_ENABLE_MODULES = YES;
				CODE_SIGN_STYLE = Automatic;
				COMBINE_HIDPI_IMAGES = YES;
				CURRENT_PROJECT_VERSION = 21;
				DEAD_CODE_STRIPPING = YES;
				DEFINES_MODULE = YES;
				DEVELOPMENT_TEAM = FL2NUL637S;
				DYLIB_COMPATIBILITY_VERSION = 1;
				DYLIB_CURRENT_VERSION = 1;
				DYLIB_INSTALL_NAME_BASE = "@rpath";
				GCC_PREFIX_HEADER = $SRCROOT/GuardianConnectMac/PrefixHeader.pch;
				INFOPLIST_FILE = GuardianConnect/Info.plist;
				INSTALL_PATH = "$(LOCAL_LIBRARY_DIR)/Frameworks";
				LD_RUNPATH_SEARCH_PATHS = (
					"$(inherited)",
					"@executable_path/../Frameworks",
					"@loader_path/Frameworks",
				);
				MACOSX_DEPLOYMENT_TARGET = 10.15;
				MARKETING_VERSION = 1.8.1;
				PRODUCT_BUNDLE_IDENTIFIER = com.sudosecuritygroup.GuardianConnectMac;
				PRODUCT_NAME = GuardianConnect;
				SDKROOT = macosx;
				SKIP_INSTALL = NO;
				SWIFT_VERSION = 5.0;
			};
			name = Release;
		};
/* End XCBuildConfiguration section */

/* Begin XCConfigurationList section */
		23BBBC622923E70D00BAEC41 /* Build configuration list for PBXNativeTarget "WireGuardPTP" */ = {
			isa = XCConfigurationList;
			buildConfigurations = (
				23BBBC632923E70D00BAEC41 /* Debug */,
				23BBBC642923E70D00BAEC41 /* Release */,
			);
			defaultConfigurationIsVisible = 0;
			defaultConfigurationName = Release;
		};
		321BA13D261404A100E876CB /* Build configuration list for PBXProject "GuardianConnect" */ = {
			isa = XCConfigurationList;
			buildConfigurations = (
				321BA149261404A100E876CB /* Debug */,
				321BA14A261404A100E876CB /* Release */,
			);
			defaultConfigurationIsVisible = 0;
			defaultConfigurationName = Release;
		};
		321BA14B261404A100E876CB /* Build configuration list for PBXNativeTarget "GuardianConnect" */ = {
			isa = XCConfigurationList;
			buildConfigurations = (
				321BA14C261404A100E876CB /* Debug */,
				321BA14D261404A100E876CB /* Release */,
			);
			defaultConfigurationIsVisible = 0;
			defaultConfigurationName = Release;
		};
		3224BC2326531A5F00E5B4AD /* Build configuration list for PBXNativeTarget "iOSSampleApp" */ = {
			isa = XCConfigurationList;
			buildConfigurations = (
				3224BC2126531A5F00E5B4AD /* Debug */,
				3224BC2226531A5F00E5B4AD /* Release */,
			);
			defaultConfigurationIsVisible = 0;
			defaultConfigurationName = Release;
		};
		32E6BB502660C26200B4DD46 /* Build configuration list for PBXLegacyTarget "XCFramework" */ = {
			isa = XCConfigurationList;
			buildConfigurations = (
				32E6BB4E2660C26200B4DD46 /* Debug */,
				32E6BB4F2660C26200B4DD46 /* Release */,
			);
			defaultConfigurationIsVisible = 0;
			defaultConfigurationName = Release;
		};
		32E92C09262A1B3D00A3202C /* Build configuration list for PBXNativeTarget "GuardianConnectMac" */ = {
			isa = XCConfigurationList;
			buildConfigurations = (
				32E92C07262A1B3D00A3202C /* Debug */,
				32E92C08262A1B3D00A3202C /* Release */,
			);
			defaultConfigurationIsVisible = 0;
			defaultConfigurationName = Release;
		};
/* End XCConfigurationList section */
	};
	rootObject = 321BA13A261404A100E876CB /* Project object */;
}
